
Microsoft Visual Studio Solution File, Format Version 12.00
# Visual Studio Version 16
VisualStudioVersion = 16.0.28922.388
MinimumVisualStudioVersion = 10.0.40219.1
Project("{2150E333-8FDC-42A3-9474-1A3956D46DE8}") = "Solution Items", "Solution Items", "{609F898F-FCBF-4D67-B3DB-D1ACBCDC1DB8}"
	ProjectSection(SolutionItems) = preProject
		aaToDo.txt = aaToDo.txt
		..\About.html = ..\About.html
		..\CppStory_Exercises.html = ..\CppStory_Exercises.html
		..\ToDo.html = ..\ToDo.html
	EndProjectSection
EndProject
Project("{2150E333-8FDC-42A3-9474-1A3956D46DE8}") = "Projects-CSE687", "Projects-CSE687", "{4DA27524-5204-4E02-B41B-46AF4D737CFC}"
	ProjectSection(SolutionItems) = preProject
		..\ProjStmts-687\ProcessPoolStructure.jpg = ..\ProjStmts-687\ProcessPoolStructure.jpg
		..\ProjStmts-687\Proj1Steps.png = ..\ProjStmts-687\Proj1Steps.png
		..\ProjStmts-687\Project1-F2018.htm = ..\ProjStmts-687\Project1-F2018.htm
		..\ProjStmts-687\Project1-S2016.htm = ..\ProjStmts-687\Project1-S2016.htm
		..\ProjStmts-687\Project1-S2017.htm = ..\ProjStmts-687\Project1-S2017.htm
		..\ProjStmts-687\Project1-S2018.htm = ..\ProjStmts-687\Project1-S2018.htm
		..\ProjStmts-687\Project1-S2019.htm = ..\ProjStmts-687\Project1-S2019.htm
		..\ProjStmts-687\Project2-F2018.htm = ..\ProjStmts-687\Project2-F2018.htm
		..\ProjStmts-687\Project2-S2016.htm = ..\ProjStmts-687\Project2-S2016.htm
		..\ProjStmts-687\Project2-S2017.htm = ..\ProjStmts-687\Project2-S2017.htm
		..\ProjStmts-687\Project2-S2018.htm = ..\ProjStmts-687\Project2-S2018.htm
		..\ProjStmts-687\Project2-S2019.htm = ..\ProjStmts-687\Project2-S2019.htm
		..\ProjStmts-687\Project3-F2018.htm = ..\ProjStmts-687\Project3-F2018.htm
		..\ProjStmts-687\Project3-S2016.htm = ..\ProjStmts-687\Project3-S2016.htm
		..\ProjStmts-687\Project3-S2017.htm = ..\ProjStmts-687\Project3-S2017.htm
		..\ProjStmts-687\Project3-S2018.htm = ..\ProjStmts-687\Project3-S2018.htm
		..\ProjStmts-687\Project3-S2019.htm = ..\ProjStmts-687\Project3-S2019.htm
		..\ProjStmts-687\Project4-F2018.htm = ..\ProjStmts-687\Project4-F2018.htm
		..\ProjStmts-687\Project4-S2016.htm = ..\ProjStmts-687\Project4-S2016.htm
		..\ProjStmts-687\Project4-S2017.htm = ..\ProjStmts-687\Project4-S2017.htm
		..\ProjStmts-687\Project4-S2018.htm = ..\ProjStmts-687\Project4-S2018.htm
		..\ProjStmts-687\Project4-S2019.htm = ..\ProjStmts-687\Project4-S2019.htm
		..\ProjStmts-687\ProjectStructureF18.jpg = ..\ProjStmts-687\ProjectStructureF18.jpg
		..\ProjStmts-687\ProjectStructureF18.pdf = ..\ProjStmts-687\ProjectStructureF18.pdf
		..\ProjStmts-687\js\ScriptsMenu.js = ..\ProjStmts-687\js\ScriptsMenu.js
		..\ProjStmts-687\js\ScriptsMenuCpp.js = ..\ProjStmts-687\js\ScriptsMenuCpp.js
		..\ProjStmts-687\js\ScriptsMenuRepo.js = ..\ProjStmts-687\js\ScriptsMenuRepo.js
		..\ProjStmts-687\js\ScriptsTemplate.js = ..\ProjStmts-687\js\ScriptsTemplate.js
		..\ProjStmts-687\css\StylesMenu.css = ..\ProjStmts-687\css\StylesMenu.css
		..\ProjStmts-687\css\StylesTemplate.css = ..\ProjStmts-687\css\StylesTemplate.css
	EndProjectSection
EndProject
Project("{2150E333-8FDC-42A3-9474-1A3956D46DE8}") = "Blogs", "Blogs", "{2E0B6AD4-FFC7-4DF3-BF20-2D09B5A68CA7}"
	ProjectSection(SolutionItems) = preProject
		..\Blog.html = ..\Blog.html
		..\BlogActiveObjects.html = ..\BlogActiveObjects.html
		..\BlogCodeAnalyzer.html = ..\BlogCodeAnalyzer.html
		..\BlogDesign.html = ..\BlogDesign.html
		..\BlogFileSystem.html = ..\BlogFileSystem.html
		..\BlogGlobals.html = ..\BlogGlobals.html
		..\BlogGraph.html = ..\BlogGraph.html
		..\BlogInterfaces.html = ..\BlogInterfaces.html
		..\BlogMessagePassingComm.html = ..\BlogMessagePassingComm.html
		..\BlogMTree.html = ..\BlogMTree.html
		..\BlogNoSql.html = ..\BlogNoSql.html
		..\BlogObjectModels.html = ..\BlogObjectModels.html
		..\BlogOCD.html = ..\BlogOCD.html
		..\BlogOOD.html = ..\BlogOOD.html
		..\BlogParser.html = ..\BlogParser.html
		..\BlogPrinciples.html = ..\BlogPrinciples.html
		..\Blogs.html = ..\Blogs.html
		..\BlogStructure.html = ..\BlogStructure.html
		..\BlogTesting.html = ..\BlogTesting.html
		..\SummerReading.html = ..\SummerReading.html
	EndProjectSection
EndProject
Project("{2150E333-8FDC-42A3-9474-1A3956D46DE8}") = "Stories", "Stories", "{9ED4B54A-01F6-4165-8658-B1C2384837C1}"
	ProjectSection(SolutionItems) = preProject
		..\A.html = ..\A.html
		..\B.html = ..\B.html
		..\C.html = ..\C.html
		..\CppModels.html = ..\CppModels.html
		..\CppStory.html = ..\CppStory.html
		..\CppStory2.html = ..\CppStory2.html
		..\stories\CppStory\CppStory_Appendix.html = ..\stories\CppStory\CppStory_Appendix.html
		..\stories\CppStory\CppStory_Chapter1.html = ..\stories\CppStory\CppStory_Chapter1.html
		..\stories\CppStory\CppStory_Chapter2.html = ..\stories\CppStory\CppStory_Chapter2.html
		..\stories\CppStory\CppStory_Chapter3.html = ..\stories\CppStory\CppStory_Chapter3.html
		..\stories\CppStory\CppStory_Chapter4.html = ..\stories\CppStory\CppStory_Chapter4.html
		..\stories\CppStory\CppStory_Chapter5.html = ..\stories\CppStory\CppStory_Chapter5.html
		..\stories\CppStory\CppStory_Chapter6.html = ..\stories\CppStory\CppStory_Chapter6.html
		..\CppStory_Classes.html = ..\CppStory_Classes.html
		..\CppStory_ClassRelationships.html = ..\CppStory_ClassRelationships.html
		..\stories\CppStory\CppStory_Cover.html = ..\stories\CppStory\CppStory_Cover.html
		..\CppStory_Data.html = ..\CppStory_Data.html
		..\CppStory_Exercises.html = ..\CppStory_Exercises.html
		..\stories\CppStory\CppStory_Exercises1.html = ..\stories\CppStory\CppStory_Exercises1.html
		..\stories\CppStory\CppStory_Exercises2.html = ..\stories\CppStory\CppStory_Exercises2.html
		..\stories\CppStory\CppStory_Exercises3.html = ..\stories\CppStory\CppStory_Exercises3.html
		..\stories\CppStory\CppStory_Exercises4.html = ..\stories\CppStory\CppStory_Exercises4.html
		..\CppStory_Interesting.html = ..\CppStory_Interesting.html
		..\CppStory_Libraries.html = ..\CppStory_Libraries.html
		..\CppStory_LibrarySTL.html = ..\CppStory_LibrarySTL.html
		..\CppStory_LibraryStreams.html = ..\CppStory_LibraryStreams.html
		..\CppStory_Models.html = ..\CppStory_Models.html
		..\CppStory_Operations.html = ..\CppStory_Operations.html
		..\CppStory_Prologue.html = ..\CppStory_Prologue.html
		..\CppStory_SlideShow.html = ..\CppStory_SlideShow.html
		..\CppStory_Survey.html = ..\CppStory_Survey.html
		..\CppStory_TemplateMetaprog.html = ..\CppStory_TemplateMetaprog.html
		..\CppStory_Templates.html = ..\CppStory_Templates.html
		..\CppStoryViewable.html = ..\CppStoryViewable.html
		..\D.html = ..\D.html
		..\InfDataLib_1.html = ..\InfDataLib_1.html
		..\InfDataLib_2.html = ..\InfDataLib_2.html
		..\InfDataLib_3.html = ..\InfDataLib_3.html
		..\InfDataLib_4.html = ..\InfDataLib_4.html
		..\InfDataLib_5.html = ..\InfDataLib_5.html
		..\InfDataLib_6.html = ..\InfDataLib_6.html
		..\InfDataLib_7.html = ..\InfDataLib_7.html
		..\InfDataLibStory.html = ..\InfDataLibStory.html
		..\MLiPS_1.html = ..\MLiPS_1.html
		..\MLiPS_2.html = ..\MLiPS_2.html
		..\MLiPS_3.html = ..\MLiPS_3.html
		..\MLiPS_4.html = ..\MLiPS_4.html
		..\MLiPS_5.html = ..\MLiPS_5.html
		..\MLiPS_6.html = ..\MLiPS_6.html
		..\MLiPSStory.html = ..\MLiPSStory.html
		..\Resources\RustBites\RustBites_Facts.html = ..\Resources\RustBites\RustBites_Facts.html
		..\RustStory.html = ..\RustStory.html
		..\RustStory_CodeIndex.html = ..\RustStory_CodeIndex.html
		..\RustStory_Data.html = ..\RustStory_Data.html
		..\RustStory_Libraries.html = ..\RustStory_Libraries.html
		..\RustStory_Models.html = ..\RustStory_Models.html
		..\RustStory_Operations.html = ..\RustStory_Operations.html
		..\RustStory_Prologue.html = ..\RustStory_Prologue.html
		..\RustStory_References.html = ..\RustStory_References.html
		..\RustStory_Structures.html = ..\RustStory_Structures.html
		..\SiteStory.html = ..\SiteStory.html
		..\SiteStory_1.html = ..\SiteStory_1.html
		..\SiteStory_2.html = ..\SiteStory_2.html
		..\SiteStory_3.html = ..\SiteStory_3.html
		..\SiteStory_4.html = ..\SiteStory_4.html
		..\SiteStory_5.html = ..\SiteStory_5.html
		..\SiteStory_Prologue.html = ..\SiteStory_Prologue.html
		..\StHelp.html = ..\StHelp.html
		..\StoryList.html = ..\StoryList.html
		..\StoryList3.html = ..\StoryList3.html
		..\StoryList_Message.html = ..\StoryList_Message.html
		..\StoryMLiPS.html = ..\StoryMLiPS.html
		..\StorySciData.html = ..\StorySciData.html
		..\StoryTeller_LocalStorage.html = ..\StoryTeller_LocalStorage.html
		..\StoryTeller_Message.html = ..\StoryTeller_Message.html
		..\StoryTeller_V1.html = ..\StoryTeller_V1.html
		..\StoryTeller_V2.html = ..\StoryTeller_V2.html
		..\StoryTellerDesign.html = ..\StoryTellerDesign.html
		..\StoryTest.html = ..\StoryTest.html
		..\StoryTest_Message.html = ..\StoryTest_Message.html
	EndProjectSection
EndProject
Project("{2150E333-8FDC-42A3-9474-1A3956D46DE8}") = "HomeLevel", "HomeLevel", "{0A307F0B-7311-46E1-9745-E1CC1D11E395}"
	ProjectSection(SolutionItems) = preProject
		..\aTestHTMLPage1.html = ..\aTestHTMLPage1.html
		..\aTestHTMLPage2.html = ..\aTestHTMLPage2.html
		..\BookDesignCourse.html = ..\BookDesignCourse.html
		..\ClassRelationships.html = ..\ClassRelationships.html
		..\Conferences.html = ..\Conferences.html
		..\CppExamples.html = ..\CppExamples.html
		..\CppModels.html = ..\CppModels.html
		..\CppReferences.html = ..\CppReferences.html
		..\CppSynopsis.html = ..\CppSynopsis.html
		..\CppTypeSystem.html = ..\CppTypeSystem.html
		..\DesignNote-CompoundObjects.html = ..\DesignNote-CompoundObjects.html
		..\DesignNote-Cpp11.html = ..\DesignNote-Cpp11.html
		..\DesignNote-CppClasses.html = ..\DesignNote-CppClasses.html
		..\DesignNote-CppClassRelationships.html = ..\DesignNote-CppClassRelationships.html
		..\DesignNote-CppKnowledgeBase.html = ..\DesignNote-CppKnowledgeBase.html
		..\DesignNote-CvsCpp.html = ..\DesignNote-CvsCpp.html
		..\DesignNote-GettingStartedWithCpp.html = ..\DesignNote-GettingStartedWithCpp.html
		..\DesignProcess.html = ..\DesignProcess.html
		..\Friends.html = ..\Friends.html
		..\Help.html = ..\Help.html
		..\index.html = ..\index.html
		..\Inheritance.html = ..\Inheritance.html
		..\Interesting.html = ..\Interesting.html
		..\Interviews.html = ..\Interviews.html
		..\JimFawcett.html = ..\JimFawcett.html
		..\Menus.html = ..\Menus.html
		..\ProjectsList.html = ..\ProjectsList.html
		..\RepoPageTemplate.html = ..\RepoPageTemplate.html
		..\Resources.html = ..\Resources.html
		..\SiteDesign.html = ..\SiteDesign.html
		..\SiteMap.html = ..\SiteMap.html
		..\SitePages.html = ..\SitePages.html
		..\SitePlans.html = ..\SitePlans.html
		..\Stories.html = ..\Stories.html
		..\STRCode.html = ..\STRCode.html
		..\SummerProjects.html = ..\SummerProjects.html
		..\SummerReading.html = ..\SummerReading.html
		..\TechnicalLinks.html = ..\TechnicalLinks.html
		..\Templates.html = ..\Templates.html
		..\TemplateSpecialization.html = ..\TemplateSpecialization.html
		..\ThreeTierClassHierarchy.html = ..\ThreeTierClassHierarchy.html
		..\UML.html = ..\UML.html
		..\Videos.html = ..\Videos.html
		..\WebNotes.html = ..\WebNotes.html
	EndProjectSection
EndProject
Project("{2150E333-8FDC-42A3-9474-1A3956D46DE8}") = "Repos", "Repos", "{31D73847-0FD1-40DA-BDB9-C6EE3B4FD1D6}"
	ProjectSection(SolutionItems) = preProject
		..\CodeAnalyzer.html = ..\CodeAnalyzer.html
		..\CodeWebifier.html = ..\CodeWebifier.html
		..\CompoundObjects.html = ..\CompoundObjects.html
		..\CppBasicDemos.html = ..\CppBasicDemos.html
		..\CppBlockingQueue.html = ..\CppBlockingQueue.html
		..\CppCodeAnalyzer.html = ..\CppCodeAnalyzer.html
		..\CppCommWithFileXfer.html = ..\CppCommWithFileXfer.html
		..\CppConcurrentFileAccess.html = ..\CppConcurrentFileAccess.html
		..\CppGraph.html = ..\CppGraph.html
		..\CppHttpClientServer.html = ..\CppHttpClientServer.html
		..\CppLexicalScanner.html = ..\CppLexicalScanner.html
		..\CppModelsRepo.html = ..\CppModelsRepo.html
		..\CppNoSqlDb.html = ..\CppNoSqlDb.html
		..\CppParser.html = ..\CppParser.html
		..\CppProperties.html = ..\CppProperties.html
		..\CppRepositories.html = ..\CppRepositories.html
		..\CppStoryRepo.html = ..\CppStoryRepo.html
		..\CppThreads.html = ..\CppThreads.html
		..\CppUtilities.html = ..\CppUtilities.html
		..\Cs_WCF_Demos.html = ..\Cs_WCF_Demos.html
		..\Cs_WPF_Demos.html = ..\Cs_WPF_Demos.html
		..\CsBasicDemos.html = ..\CsBasicDemos.html
		..\CsBlockingQueue.html = ..\CsBlockingQueue.html
		..\CsCommPrototype.html = ..\CsCommPrototype.html
		..\CsConcurrentFileAccess.html = ..\CsConcurrentFileAccess.html
		..\CsDependencyAnalysis.html = ..\CsDependencyAnalysis.html
		..\CsGraph.html = ..\CsGraph.html
		..\CsNavigator.html = ..\CsNavigator.html
		..\CsParser.html = ..\CsParser.html
		..\CsProcess.html = ..\CsProcess.html
		..\CsPublisherSubscriber.html = ..\CsPublisherSubscriber.html
		..\CsRemotePluggableRepo.html = ..\CsRemotePluggableRepo.html
		..\CsRepositories.html = ..\CsRepositories.html
		..\CsRepoTemplate.html = ..\CsRepoTemplate.html
		..\CsXDocument.html = ..\CsXDocument.html
		..\Diff_WPF.html = ..\Diff_WPF.html
		..\Duplicates.html = ..\Duplicates.html
		..\FileDates.html = ..\FileDates.html
		..\FileManager.html = ..\FileManager.html
		..\FileSizes.html = ..\FileSizes.html
		..\FileSystem.html = ..\FileSystem.html
		..\FileUtilities.html = ..\FileUtilities.html
		..\FindFiles.html = ..\FindFiles.html
		..\Interop.html = ..\Interop.html
		..\IOStreams.html = ..\IOStreams.html
		..\JsRepositories.html = ..\JsRepositories.html
		..\Logger.html = ..\Logger.html
		..\ObjectFactories.html = ..\ObjectFactories.html
		..\PrettyPrint.html = ..\PrettyPrint.html
		..\Process.html = ..\Process.html
		..\ProcsAndThreads.html = ..\ProcsAndThreads.html
		..\RetryWrapper.html = ..\RetryWrapper.html
		..\RsRepositories.html = ..\RsRepositories.html
		..\RustBasicDemos.html = ..\RustBasicDemos.html
		..\RustBiteByByte.html = ..\RustBiteByByte.html
		..\RustBlockingQueue.html = ..\RustBlockingQueue.html
		..\RustCmdLine.html = ..\RustCmdLine.html
		..\RustDirNav.html = ..\RustDirNav.html
		..\RustDisplayLib.html = ..\RustDisplayLib.html
		..\RustErrorHandling.html = ..\RustErrorHandling.html
		..\RustLibraryDemos.html = ..\RustLibraryDemos.html
		..\RustLogger.html = ..\RustLogger.html
		..\RustModels.html = ..\RustModels.html
		..\RustStoryRepo.html = ..\RustStoryRepo.html
		..\RustStringConversions.html = ..\RustStringConversions.html
		..\RustTextFinder.html = ..\RustTextFinder.html
		..\RustThreading.html = ..\RustThreading.html
		..\RustThreadPool.html = ..\RustThreadPool.html
		..\SitePages.html = ..\SitePages.html
		..\Sockets.html = ..\Sockets.html
		..\STL-Containers.html = ..\STL-Containers.html
		..\StoriesRepo.html = ..\StoriesRepo.html
		..\StoryTellerRepo.html = ..\StoryTellerRepo.html
		..\StoryTest_V3.html = ..\StoryTest_V3.html
		..\STR.html = ..\STR.html
		..\STRCode.html = ..\STRCode.html
		..\TemplateTechniques.html = ..\TemplateTechniques.html
		..\Testing.html = ..\Testing.html
		..\TextFinder.html = ..\TextFinder.html
		..\ThreadPool.html = ..\ThreadPool.html
		..\WebComponents.html = ..\WebComponents.html
		..\WebComponentTests.html = ..\WebComponentTests.html
		..\WebLibraries.html = ..\WebLibraries.html
		..\XmlDocument.html = ..\XmlDocument.html
	EndProjectSection
EndProject
Project("{2150E333-8FDC-42A3-9474-1A3956D46DE8}") = "CodeSnaps", "CodeSnaps", "{E1D6438E-AEEB-4405-83FE-A686CF27B61F}"
	ProjectSection(SolutionItems) = preProject
		..\CodeSnap-BlockingQueue.cpp.html = ..\CodeSnap-BlockingQueue.cpp.html
		..\CodeSnap-BlockingQueue.h.html = ..\CodeSnap-BlockingQueue.h.html
		..\CodeSnap-BlockingQueue.txt.html = ..\CodeSnap-BlockingQueue.txt.html
		..\CodeSnap-ClassAnatomy.cpp.html = ..\CodeSnap-ClassAnatomy.cpp.html
		..\CodeSnap-ClassAnatomy.h.html = ..\CodeSnap-ClassAnatomy.h.html
		..\CodeSnap-ClassAnatomy.txt.html = ..\CodeSnap-ClassAnatomy.txt.html
		..\CodeSnap-CompoundObjects.cpp.html = ..\CodeSnap-CompoundObjects.cpp.html
		..\CodeSnap-CompoundObjects.txt.html = ..\CodeSnap-CompoundObjects.txt.html
		..\CodeSnap-Converter.cpp.html = ..\CodeSnap-Converter.cpp.html
		..\CodeSnap-Converter.h.html = ..\CodeSnap-Converter.h.html
		..\CodeSnap-Converter.txt.html = ..\CodeSnap-Converter.txt.html
		..\CodeSnap-FunctionObjects.cpp.html = ..\CodeSnap-FunctionObjects.cpp.html
		..\CodeSnap-FunctionObjects.h.html = ..\CodeSnap-FunctionObjects.h.html
		..\CodeSnap-FunctionObjects.txt.html = ..\CodeSnap-FunctionObjects.txt.html
		..\CodeSnap-Inheritance.cpp.html = ..\CodeSnap-Inheritance.cpp.html
		..\CodeSnap-Inheritance.h.html = ..\CodeSnap-Inheritance.h.html
		..\CodeSnap-Inheritance.txt.html = ..\CodeSnap-Inheritance.txt.html
		..\CodeSnap-LambdaCapture.cpp.html = ..\CodeSnap-LambdaCapture.cpp.html
		..\CodeSnap-LambdaCapture.txt.html = ..\CodeSnap-LambdaCapture.txt.html
		..\CodeSnap-Lambdas.cpp.html = ..\CodeSnap-Lambdas.cpp.html
		..\CodeSnap-PointersAndReferences.cpp.html = ..\CodeSnap-PointersAndReferences.cpp.html
		..\CodeSnap-PointersAndReferences.txt.html = ..\CodeSnap-PointersAndReferences.txt.html
		..\CodeSnap-Strings.cpp.html = ..\CodeSnap-Strings.cpp.html
		..\CodeSnap-Strings.h.html = ..\CodeSnap-Strings.h.html
		..\CodeSnap-Strings.txt.html = ..\CodeSnap-Strings.txt.html
		..\CodeSnap-Templates.cpp.html = ..\CodeSnap-Templates.cpp.html
		..\CodeSnap-Templates.h.html = ..\CodeSnap-Templates.h.html
		..\CodeSnap-Templates.txt.html = ..\CodeSnap-Templates.txt.html
		..\CodeSnap-TestUtilities.cpp.html = ..\CodeSnap-TestUtilities.cpp.html
		..\CodeSnap-TestUtilities.h.html = ..\CodeSnap-TestUtilities.h.html
		..\CodeSnap-TestUtilities.txt.html = ..\CodeSnap-TestUtilities.txt.html
	EndProjectSection
EndProject
Project("{2150E333-8FDC-42A3-9474-1A3956D46DE8}") = "Archive", "Archive", "{F5BEF078-6F95-4336-B011-CD312B3331B5}"
	ProjectSection(SolutionItems) = preProject
		..\About.html = ..\About.html
		..\Components.html = ..\Components.html
		..\Demos.html = ..\Demos.html
		..\DesignNotes.html = ..\DesignNotes.html
		..\LinuxShellCommands.htm = ..\LinuxShellCommands.htm
		..\Parser.html = ..\Parser.html
		..\Projects.html = ..\Projects.html
		..\Tools.html = ..\Tools.html
		..\Utilities.html = ..\Utilities.html
	EndProjectSection
EndProject
Project("{2150E333-8FDC-42A3-9474-1A3956D46DE8}") = "Cpp", "Cpp", "{E4B39678-A74C-475B-AAE6-AF93C3D13087}"
	ProjectSection(SolutionItems) = preProject
		..\LangCpp.html = ..\LangCpp.html
	EndProjectSection
EndProject
Project("{2150E333-8FDC-42A3-9474-1A3956D46DE8}") = "Csharp", "Csharp", "{67955A3A-3794-4B85-8388-27F857729207}"
	ProjectSection(SolutionItems) = preProject
		..\LangCSharp.html = ..\LangCSharp.html
	EndProjectSection
EndProject
Project("{2150E333-8FDC-42A3-9474-1A3956D46DE8}") = "PowerShell", "PowerShell", "{5EFB0151-769F-47E6-849D-8C90B297726F}"
	ProjectSection(SolutionItems) = preProject
		..\LangPowerShell.html = ..\LangPowerShell.html
	EndProjectSection
EndProject
Project("{2150E333-8FDC-42A3-9474-1A3956D46DE8}") = "Windows", "Windows", "{AC9B5DC6-F256-4F44-A0F0-49A9BD3260F4}"
	ProjectSection(SolutionItems) = preProject
		..\PlatformWindows.html = ..\PlatformWindows.html
	EndProjectSection
EndProject
Project("{2150E333-8FDC-42A3-9474-1A3956D46DE8}") = "Linux", "Linux", "{CF60BE10-1A75-4577-8C78-7DEEAFE6CF83}"
	ProjectSection(SolutionItems) = preProject
		..\LinuxShellCommands.html = ..\LinuxShellCommands.html
		..\PlatformLinux.html = ..\PlatformLinux.html
	EndProjectSection
EndProject
Project("{2150E333-8FDC-42A3-9474-1A3956D46DE8}") = "Scripts", "Scripts", "{CEE875F8-80B2-41CD-8437-FDC62B7CD653}"
	ProjectSection(SolutionItems) = preProject
		..\js\ScriptsImageSizer.js = ..\js\ScriptsImageSizer.js
		..\js\ScriptsKeyboard.js = ..\js\ScriptsKeyboard.js
		..\js\ScriptsMenu.js = ..\js\ScriptsMenu.js
		..\stories\CppStory\js\ScriptsMenu_CppStory.js = ..\stories\CppStory\js\ScriptsMenu_CppStory.js
		..\stories\CppStory\js\ScriptsMenu_CppStoryExercizes.js = ..\stories\CppStory\js\ScriptsMenu_CppStoryExercizes.js
		..\js\ScriptsMenuCpp.js = ..\js\ScriptsMenuCpp.js
		..\js\ScriptsMenuCppRepo.js = ..\js\ScriptsMenuCppRepo.js
		..\js\ScriptsMenuCsRepo.js = ..\js\ScriptsMenuCsRepo.js
		..\js\ScriptsMenuDesignCourse.js = ..\js\ScriptsMenuDesignCourse.js
		..\js\ScriptsMenuJsRepo.js = ..\js\ScriptsMenuJsRepo.js
		..\js\ScriptsMenuRustRepo.js = ..\js\ScriptsMenuRustRepo.js
		..\js\ScriptsPhoto.js = ..\js\ScriptsPhoto.js
		..\js\ScriptsSizerComp.js = ..\js\ScriptsSizerComp.js
		..\js\ScriptsSlideInPanel.js = ..\js\ScriptsSlideInPanel.js
		..\js\ScriptsSlideShow.js = ..\js\ScriptsSlideShow.js
		..\js\ScriptsSplitterBar.js = ..\js\ScriptsSplitterBar.js
		..\js\ScriptsStory.js = ..\js\ScriptsStory.js
		..\js\ScriptsStoryTeller.js = ..\js\ScriptsStoryTeller.js
		..\js\ScriptsStoryTeller2.js = ..\js\ScriptsStoryTeller2.js
		..\js\ScriptsStoryTeller3.js = ..\js\ScriptsStoryTeller3.js
		..\js\ScriptsStoryTeller_LocalStorage.js = ..\js\ScriptsStoryTeller_LocalStorage.js
		..\js\ScriptsStoryTeller_Message.js = ..\js\ScriptsStoryTeller_Message.js
		..\js\ScriptsStoryTOC.js = ..\js\ScriptsStoryTOC.js
		..\js\ScriptsStoryTOC3.js = ..\js\ScriptsStoryTOC3.js
		..\js\ScriptsTemplate.js = ..\js\ScriptsTemplate.js
		..\js\ScriptsUtilities.js = ..\js\ScriptsUtilities.js
		..\js\ScriptsWebComponents.js = ..\js\ScriptsWebComponents.js
	EndProjectSection
EndProject
Project("{2150E333-8FDC-42A3-9474-1A3956D46DE8}") = "Styles", "Styles", "{00DB46CA-3792-433E-AE8D-C0C6D8089A1D}"
	ProjectSection(SolutionItems) = preProject
		..\css\StylesBlueTheme.css = ..\css\StylesBlueTheme.css
		..\css\StylesBrownTheme.css = ..\css\StylesBrownTheme.css
		..\css\StylesDarkRedTheme.css = ..\css\StylesDarkRedTheme.css
		..\css\StylesDefault.css = ..\css\StylesDefault.css
		..\css\StylesGreenTheme.css = ..\css\StylesGreenTheme.css
		..\css\StylesImageSizer.css = ..\css\StylesImageSizer.css
		..\css\StylesMenu.css = ..\css\StylesMenu.css
		..\stories\CppStory\css\StylesMenu_CppStory.css = ..\stories\CppStory\css\StylesMenu_CppStory.css
		..\css\StylesPhoto.css = ..\css\StylesPhoto.css
		..\css\StylesRustTheme.css = ..\css\StylesRustTheme.css
		..\css\StylesSimpleDropDownMenu.css = ..\css\StylesSimpleDropDownMenu.css
		..\css\StylesSizerComp.css = ..\css\StylesSizerComp.css
		..\css\StylesSlideInPanel.css = ..\css\StylesSlideInPanel.css
		..\css\StylesSlideShow.css = ..\css\StylesSlideShow.css
		..\css\StylesSplitterBar.css = ..\css\StylesSplitterBar.css
		..\css\StylesStoryTeller.css = ..\css\StylesStoryTeller.css
		..\css\StylesStoryTOC.css = ..\css\StylesStoryTOC.css
		..\css\StylesTemplate.css = ..\css\StylesTemplate.css
		..\css\StylesTemplate2.css = ..\css\StylesTemplate2.css
		..\stories\CppStory\css\StylesTemplate_CppStory.css = ..\stories\CppStory\css\StylesTemplate_CppStory.css
		..\css\StylesWebComponents.css = ..\css\StylesWebComponents.css
	EndProjectSection
EndProject
Project("{2150E333-8FDC-42A3-9474-1A3956D46DE8}") = "Tests", "Tests", "{348F6D0B-B48A-4371-983F-5DE54E4729CB}"
	ProjectSection(SolutionItems) = preProject
		..\Test_CodeStyle.html = ..\Test_CodeStyle.html
		..\Test_CodeWebComponent.html = ..\Test_CodeWebComponent.html
		..\Test_Draggable.html = ..\Test_Draggable.html
		..\Test_Flex.html = ..\Test_Flex.html
		..\Test_HideablePhotoSizerWebComponent-Ver1.html = ..\Test_HideablePhotoSizerWebComponent-Ver1.html
		..\Test_HideablePhotoSizerWebComponent-Ver2.html = ..\Test_HideablePhotoSizerWebComponent-Ver2.html
		..\Test_ImageSizer.html = ..\Test_ImageSizer.html
		..\Test_Photo.html = ..\Test_Photo.html
		..\Test_PhotoSizerWebComponent.html = ..\Test_PhotoSizerWebComponent.html
		..\Test_PhotoWebComponent.html = ..\Test_PhotoWebComponent.html
		..\Test_QuickStatus.html = ..\Test_QuickStatus.html
		..\Test_Sizer.html = ..\Test_Sizer.html
		..\Test_SlideInPanel.html = ..\Test_SlideInPanel.html
		..\Test_SlideShow.html = ..\Test_SlideShow.html
		..\Test_SplitterBar.html = ..\Test_SplitterBar.html
		..\Test_WebComponentLibs.html = ..\Test_WebComponentLibs.html
		..\TestDefaultStyles.html = ..\TestDefaultStyles.html
		..\TestFileLoad.html = ..\TestFileLoad.html
		..\TestPageColors_Blue.html = ..\TestPageColors_Blue.html
		..\TestPageColors_Brown.html = ..\TestPageColors_Brown.html
		..\TestPageColors_DarkRed.html = ..\TestPageColors_DarkRed.html
		..\TestPageColors_Green.html = ..\TestPageColors_Green.html
		..\Tests.html = ..\Tests.html
		..\TestSizer2.html = ..\TestSizer2.html
		..\TestSlider2.html = ..\TestSlider2.html
	EndProjectSection
EndProject
Global
	GlobalSection(SolutionProperties) = preSolution
		HideSolutionNode = FALSE
	EndGlobalSection
	GlobalSection(NestedProjects) = preSolution
		{4DA27524-5204-4E02-B41B-46AF4D737CFC} = {609F898F-FCBF-4D67-B3DB-D1ACBCDC1DB8}
		{2E0B6AD4-FFC7-4DF3-BF20-2D09B5A68CA7} = {609F898F-FCBF-4D67-B3DB-D1ACBCDC1DB8}
		{9ED4B54A-01F6-4165-8658-B1C2384837C1} = {609F898F-FCBF-4D67-B3DB-D1ACBCDC1DB8}
		{0A307F0B-7311-46E1-9745-E1CC1D11E395} = {609F898F-FCBF-4D67-B3DB-D1ACBCDC1DB8}
		{31D73847-0FD1-40DA-BDB9-C6EE3B4FD1D6} = {609F898F-FCBF-4D67-B3DB-D1ACBCDC1DB8}
		{E1D6438E-AEEB-4405-83FE-A686CF27B61F} = {609F898F-FCBF-4D67-B3DB-D1ACBCDC1DB8}
		{F5BEF078-6F95-4336-B011-CD312B3331B5} = {609F898F-FCBF-4D67-B3DB-D1ACBCDC1DB8}
		{E4B39678-A74C-475B-AAE6-AF93C3D13087} = {609F898F-FCBF-4D67-B3DB-D1ACBCDC1DB8}
		{67955A3A-3794-4B85-8388-27F857729207} = {609F898F-FCBF-4D67-B3DB-D1ACBCDC1DB8}
		{5EFB0151-769F-47E6-849D-8C90B297726F} = {609F898F-FCBF-4D67-B3DB-D1ACBCDC1DB8}
		{AC9B5DC6-F256-4F44-A0F0-49A9BD3260F4} = {609F898F-FCBF-4D67-B3DB-D1ACBCDC1DB8}
		{CF60BE10-1A75-4577-8C78-7DEEAFE6CF83} = {609F898F-FCBF-4D67-B3DB-D1ACBCDC1DB8}
		{CEE875F8-80B2-41CD-8437-FDC62B7CD653} = {609F898F-FCBF-4D67-B3DB-D1ACBCDC1DB8}
		{00DB46CA-3792-433E-AE8D-C0C6D8089A1D} = {609F898F-FCBF-4D67-B3DB-D1ACBCDC1DB8}
		{348F6D0B-B48A-4371-983F-5DE54E4729CB} = {609F898F-FCBF-4D67-B3DB-D1ACBCDC1DB8}
	EndGlobalSection
	GlobalSection(ExtensibilityGlobals) = postSolution
		SolutionGuid = {C5A104CF-2EB1-4A93-BBF3-A8748FD16273}
	EndGlobalSection
EndGlobal
