
Microsoft Visual Studio Solution File, Format Version 12.00
# Visual Studio Version 17
VisualStudioVersion = 17.0.31903.59
MinimumVisualStudioVersion = 10.0.40219.1
Project("{2150E333-8FDC-42A3-9474-1A3956D46DE8}") = "Solution Items", "Solution Items", "{609F898F-FCBF-4D67-B3DB-D1ACBCDC1DB8}"
	ProjectSection(SolutionItems) = preProject
		aaToDo.txt = aaToDo.txt
		..\About.html = ..\About.html
		..\CppStory_Exercises.html = ..\CppStory_Exercises.html
		..\ToDo.html = ..\ToDo.html
	EndProjectSection
EndProject
Project("{2150E333-8FDC-42A3-9474-1A3956D46DE8}") = "Projects-CSE687", "Projects-CSE687", "{4DA27524-5204-4E02-B41B-46AF4D737CFC}"
	ProjectSection(SolutionItems) = preProject
		..\ProjStmts-687\ProcessPoolStructure.jpg = ..\ProjStmts-687\ProcessPoolStructure.jpg
		..\ProjStmts-687\Proj1Steps.png = ..\ProjStmts-687\Proj1Steps.png
		..\ProjStmts-687\Project1-F2018.htm = ..\ProjStmts-687\Project1-F2018.htm
		..\ProjStmts-687\Project1-S2016.htm = ..\ProjStmts-687\Project1-S2016.htm
		..\ProjStmts-687\Project1-S2017.htm = ..\ProjStmts-687\Project1-S2017.htm
		..\ProjStmts-687\Project1-S2018.htm = ..\ProjStmts-687\Project1-S2018.htm
		..\ProjStmts-687\Project1-S2019.htm = ..\ProjStmts-687\Project1-S2019.htm
		..\ProjStmts-687\Project2-F2018.htm = ..\ProjStmts-687\Project2-F2018.htm
		..\ProjStmts-687\Project2-S2016.htm = ..\ProjStmts-687\Project2-S2016.htm
		..\ProjStmts-687\Project2-S2017.htm = ..\ProjStmts-687\Project2-S2017.htm
		..\ProjStmts-687\Project2-S2018.htm = ..\ProjStmts-687\Project2-S2018.htm
		..\ProjStmts-687\Project2-S2019.htm = ..\ProjStmts-687\Project2-S2019.htm
		..\ProjStmts-687\Project3-F2018.htm = ..\ProjStmts-687\Project3-F2018.htm
		..\ProjStmts-687\Project3-S2016.htm = ..\ProjStmts-687\Project3-S2016.htm
		..\ProjStmts-687\Project3-S2017.htm = ..\ProjStmts-687\Project3-S2017.htm
		..\ProjStmts-687\Project3-S2018.htm = ..\ProjStmts-687\Project3-S2018.htm
		..\ProjStmts-687\Project3-S2019.htm = ..\ProjStmts-687\Project3-S2019.htm
		..\ProjStmts-687\Project4-F2018.htm = ..\ProjStmts-687\Project4-F2018.htm
		..\ProjStmts-687\Project4-S2016.htm = ..\ProjStmts-687\Project4-S2016.htm
		..\ProjStmts-687\Project4-S2017.htm = ..\ProjStmts-687\Project4-S2017.htm
		..\ProjStmts-687\Project4-S2018.htm = ..\ProjStmts-687\Project4-S2018.htm
		..\ProjStmts-687\Project4-S2019.htm = ..\ProjStmts-687\Project4-S2019.htm
		..\ProjStmts-687\ProjectStructureF18.jpg = ..\ProjStmts-687\ProjectStructureF18.jpg
		..\ProjStmts-687\ProjectStructureF18.pdf = ..\ProjStmts-687\ProjectStructureF18.pdf
		..\ProjStmts-687\js\ScriptsMenu.js = ..\ProjStmts-687\js\ScriptsMenu.js
		..\ProjStmts-687\js\ScriptsMenuCpp.js = ..\ProjStmts-687\js\ScriptsMenuCpp.js
		..\ProjStmts-687\js\ScriptsMenuRepo.js = ..\ProjStmts-687\js\ScriptsMenuRepo.js
		..\ProjStmts-687\js\ScriptsTemplate.js = ..\ProjStmts-687\js\ScriptsTemplate.js
		..\ProjStmts-687\css\StylesMenu.css = ..\ProjStmts-687\css\StylesMenu.css
		..\ProjStmts-687\css\StylesTemplate.css = ..\ProjStmts-687\css\StylesTemplate.css
	EndProjectSection
EndProject
Project("{2150E333-8FDC-42A3-9474-1A3956D46DE8}") = "Blogs", "Blogs", "{2E0B6AD4-FFC7-4DF3-BF20-2D09B5A68CA7}"
	ProjectSection(SolutionItems) = preProject
		..\Blog.html = ..\Blog.html
		..\BlogActiveObjects.html = ..\BlogActiveObjects.html
		..\BlogCodeAnalyzer.html = ..\BlogCodeAnalyzer.html
		..\BlogDesign.html = ..\BlogDesign.html
		..\BlogFileSystem.html = ..\BlogFileSystem.html
		..\BlogGlobals.html = ..\BlogGlobals.html
		..\BlogGraph.html = ..\BlogGraph.html
		..\BlogInterfaces.html = ..\BlogInterfaces.html
		..\BlogMessagePassingComm.html = ..\BlogMessagePassingComm.html
		..\BlogMTree.html = ..\BlogMTree.html
		..\BlogNoSql.html = ..\BlogNoSql.html
		..\BlogObjectModels.html = ..\BlogObjectModels.html
		..\BlogOCD.html = ..\BlogOCD.html
		..\BlogOOD.html = ..\BlogOOD.html
		..\BlogParser.html = ..\BlogParser.html
		..\BlogPrinciples.html = ..\BlogPrinciples.html
		..\Blogs.html = ..\Blogs.html
		..\BlogStructure.html = ..\BlogStructure.html
		..\BlogTesting.html = ..\BlogTesting.html
		..\SummerReading.html = ..\SummerReading.html
	EndProjectSection
EndProject
Project("{2150E333-8FDC-42A3-9474-1A3956D46DE8}") = "Stories", "Stories", "{9ED4B54A-01F6-4165-8658-B1C2384837C1}"
	ProjectSection(SolutionItems) = preProject
		..\A.html = ..\A.html
		..\B.html = ..\B.html
		..\BuildOn.html = ..\BuildOn.html
		..\C.html = ..\C.html
		..\CppModels.html = ..\CppModels.html
		..\CppStory.html = ..\CppStory.html
		..\CppStory2.html = ..\CppStory2.html
		..\CppStoryRepo.html = ..\CppStoryRepo.html
		..\CppStoryViewable.html = ..\CppStoryViewable.html
		..\stories\CppStory\CppStory_Appendix.html = ..\stories\CppStory\CppStory_Appendix.html
		..\stories\CppStory\CppStory_Chapter1.html = ..\stories\CppStory\CppStory_Chapter1.html
		..\stories\CppStory\CppStory_Chapter2.html = ..\stories\CppStory\CppStory_Chapter2.html
		..\stories\CppStory\CppStory_Chapter3.html = ..\stories\CppStory\CppStory_Chapter3.html
		..\stories\CppStory\CppStory_Chapter4.html = ..\stories\CppStory\CppStory_Chapter4.html
		..\stories\CppStory\CppStory_Chapter5.html = ..\stories\CppStory\CppStory_Chapter5.html
		..\stories\CppStory\CppStory_Chapter6.html = ..\stories\CppStory\CppStory_Chapter6.html
		..\CppStory_Classes.html = ..\CppStory_Classes.html
		..\CppStory_ClassRelationships.html = ..\CppStory_ClassRelationships.html
		..\stories\CppStory\CppStory_Cover.html = ..\stories\CppStory\CppStory_Cover.html
		..\CppStory_Data.html = ..\CppStory_Data.html
		..\CppStory_Exercises.html = ..\CppStory_Exercises.html
		..\stories\CppStory\CppStory_Exercises1.html = ..\stories\CppStory\CppStory_Exercises1.html
		..\stories\CppStory\CppStory_Exercises2.html = ..\stories\CppStory\CppStory_Exercises2.html
		..\stories\CppStory\CppStory_Exercises3.html = ..\stories\CppStory\CppStory_Exercises3.html
		..\stories\CppStory\CppStory_Exercises4.html = ..\stories\CppStory\CppStory_Exercises4.html
		..\CppStory_Interesting.html = ..\CppStory_Interesting.html
		..\CppStory_Libraries.html = ..\CppStory_Libraries.html
		..\CppStory_LibrarySTL.html = ..\CppStory_LibrarySTL.html
		..\CppStory_LibraryStreams.html = ..\CppStory_LibraryStreams.html
		..\CppStory_Models.html = ..\CppStory_Models.html
		..\CppStory_Operations.html = ..\CppStory_Operations.html
		..\CppStory_Prologue.html = ..\CppStory_Prologue.html
		..\CppStory_SlideShow.html = ..\CppStory_SlideShow.html
		..\CppStory_Survey.html = ..\CppStory_Survey.html
		..\CppStory_TemplateMetaprog.html = ..\CppStory_TemplateMetaprog.html
		..\CppStory_Templates.html = ..\CppStory_Templates.html
		..\D.html = ..\D.html
		..\InfDataLibStory.html = ..\InfDataLibStory.html
		..\InfDataLib_1.html = ..\InfDataLib_1.html
		..\InfDataLib_2.html = ..\InfDataLib_2.html
		..\InfDataLib_3.html = ..\InfDataLib_3.html
		..\InfDataLib_4.html = ..\InfDataLib_4.html
		..\InfDataLib_5.html = ..\InfDataLib_5.html
		..\InfDataLib_6.html = ..\InfDataLib_6.html
		..\InfDataLib_7.html = ..\InfDataLib_7.html
		..\MLiPSStory.html = ..\MLiPSStory.html
		..\MLiPS_1.html = ..\MLiPS_1.html
		..\MLiPS_2.html = ..\MLiPS_2.html
		..\MLiPS_3.html = ..\MLiPS_3.html
		..\MLiPS_4.html = ..\MLiPS_4.html
		..\MLiPS_5.html = ..\MLiPS_5.html
		..\MLiPS_6.html = ..\MLiPS_6.html
		..\Resources\RustBites\RustBites_Facts.html = ..\Resources\RustBites\RustBites_Facts.html
		..\RustStory.html = ..\RustStory.html
		..\RustStory_CodeIndex.html = ..\RustStory_CodeIndex.html
		..\RustStory_Data.html = ..\RustStory_Data.html
		..\RustStory_Libraries.html = ..\RustStory_Libraries.html
		..\RustStory_Models.html = ..\RustStory_Models.html
		..\RustStory_Operations.html = ..\RustStory_Operations.html
		..\RustStory_Prologue.html = ..\RustStory_Prologue.html
		..\RustStory_References.html = ..\RustStory_References.html
		..\RustStory_Structures.html = ..\RustStory_Structures.html
		..\SiteStory.html = ..\SiteStory.html
		..\SiteStory_1.html = ..\SiteStory_1.html
		..\SiteStory_2.html = ..\SiteStory_2.html
		..\SiteStory_3.html = ..\SiteStory_3.html
		..\SiteStory_4.html = ..\SiteStory_4.html
		..\SiteStory_5.html = ..\SiteStory_5.html
		..\SiteStory_Prologue.html = ..\SiteStory_Prologue.html
		..\StHelp.html = ..\StHelp.html
		..\StoryList.html = ..\StoryList.html
		..\StoryList3.html = ..\StoryList3.html
		..\StoryList_Message.html = ..\StoryList_Message.html
		..\StoryMLiPS.html = ..\StoryMLiPS.html
		..\StorySciData.html = ..\StorySciData.html
		..\StoryTellerDesign.html = ..\StoryTellerDesign.html
		..\StoryTeller_LocalStorage.html = ..\StoryTeller_LocalStorage.html
		..\StoryTeller_Message.html = ..\StoryTeller_Message.html
		..\StoryTeller_V1.html = ..\StoryTeller_V1.html
		..\StoryTeller_V2.html = ..\StoryTeller_V2.html
		..\StoryTest.html = ..\StoryTest.html
		..\StoryTest_Message.html = ..\StoryTest_Message.html
	EndProjectSection
EndProject
Project("{2150E333-8FDC-42A3-9474-1A3956D46DE8}") = "HomeLevel", "HomeLevel", "{0A307F0B-7311-46E1-9745-E1CC1D11E395}"
	ProjectSection(SolutionItems) = preProject
		..\aTestHTMLPage1.html = ..\aTestHTMLPage1.html
		..\aTestHTMLPage2.html = ..\aTestHTMLPage2.html
		..\BookDesignCourse.html = ..\BookDesignCourse.html
		..\ChatGPT.html = ..\ChatGPT.html
		..\ClassRelationships.html = ..\ClassRelationships.html
		..\CodeBits.html = ..\CodeBits.html
		..\CodeSnap-FunctionObjects.h.html = ..\CodeSnap-FunctionObjects.h.html
		..\CompareTest.html = ..\CompareTest.html
		..\Conferences.html = ..\Conferences.html
		..\CppBiteByByte.html = ..\CppBiteByByte.html
		..\CppExamples.html = ..\CppExamples.html
		..\CppModels.html = ..\CppModels.html
		..\CppReferences.html = ..\CppReferences.html
		..\CppSynopsis.html = ..\CppSynopsis.html
		..\CppTypeSystem.html = ..\CppTypeSystem.html
		..\Design.html = ..\Design.html
		..\DesignNote-CompoundObjects.html = ..\DesignNote-CompoundObjects.html
		..\DesignNote-Cpp11.html = ..\DesignNote-Cpp11.html
		..\DesignNote-CppClasses.html = ..\DesignNote-CppClasses.html
		..\DesignNote-CppClassRelationships.html = ..\DesignNote-CppClassRelationships.html
		..\DesignNote-CppKnowledgeBase.html = ..\DesignNote-CppKnowledgeBase.html
		..\DesignNote-CvsCpp.html = ..\DesignNote-CvsCpp.html
		..\DesignNote-GettingStartedWithCpp.html = ..\DesignNote-GettingStartedWithCpp.html
		..\DesignProcess.html = ..\DesignProcess.html
		..\DevTesting.html = ..\DevTesting.html
		..\FreePagePrototype.html = ..\FreePagePrototype.html
		..\Friends.html = ..\Friends.html
		..\Help.html = ..\Help.html
		..\index.html = ..\index.html
		..\indexBasic.html = ..\indexBasic.html
		..\indexBits.html = ..\indexBits.html
		..\indexCpp.html = ..\indexCpp.html
		..\indexCs.html = ..\indexCs.html
		..\indexDeployment.html = ..\indexDeployment.html
		..\indexDesign.html = ..\indexDesign.html
		..\indexOld.html = ..\indexOld.html
		..\IndexPage.html = ..\IndexPage.html
		..\indexProjects.html = ..\indexProjects.html
		..\indexPrototypes.html = ..\indexPrototypes.html
		..\indexRust.html = ..\indexRust.html
		..\indexTest.html = ..\indexTest.html
		..\indexWebDev.html = ..\indexWebDev.html
		..\Inheritance.html = ..\Inheritance.html
		..\Interesting.html = ..\Interesting.html
		..\Interviews.html = ..\Interviews.html
		..\JimFawcett.html = ..\JimFawcett.html
		..\Life.html = ..\Life.html
		..\Menus.html = ..\Menus.html
		..\ProjectsList.html = ..\ProjectsList.html
		..\RepoPageTemplate.html = ..\RepoPageTemplate.html
		..\Resources.html = ..\Resources.html
		..\SiteDemo.html = ..\SiteDemo.html
		..\SiteDesign.html = ..\SiteDesign.html
		..\SiteMap.html = ..\SiteMap.html
		..\SitePages.html = ..\SitePages.html
		..\SitePlans.html = ..\SitePlans.html
		..\Stories.html = ..\Stories.html
		..\STRCode.html = ..\STRCode.html
		..\SummerProjects.html = ..\SummerProjects.html
		..\SummerReading.html = ..\SummerReading.html
		..\TechnicalLinks.html = ..\TechnicalLinks.html
		..\Templates.html = ..\Templates.html
		..\TemplateSpecialization.html = ..\TemplateSpecialization.html
		..\TestGrid.html = ..\TestGrid.html
		..\TestGrid2.html = ..\TestGrid2.html
		..\Test_Flex.html = ..\Test_Flex.html
		..\ThreeTierClassHierarchy.html = ..\ThreeTierClassHierarchy.html
		..\TOC.html = ..\TOC.html
		..\Resources\IdiomsAndPatterns\Tooling.html = ..\Resources\IdiomsAndPatterns\Tooling.html
		..\TTOC.html = ..\TTOC.html
		..\UML.html = ..\UML.html
		..\Videos.html = ..\Videos.html
		..\WebNotes.html = ..\WebNotes.html
	EndProjectSection
EndProject
Project("{2150E333-8FDC-42A3-9474-1A3956D46DE8}") = "Repos", "Repos", "{31D73847-0FD1-40DA-BDB9-C6EE3B4FD1D6}"
	ProjectSection(SolutionItems) = preProject
		..\BasicBiteByByte.html = ..\BasicBiteByByte.html
		..\BitsRepo.html = ..\BitsRepo.html
		..\BuildOn.html = ..\BuildOn.html
		..\CodeAnalyzer.html = ..\CodeAnalyzer.html
		..\CodeBits.html = ..\CodeBits.html
		..\CodeWebifier.html = ..\CodeWebifier.html
		..\CommCompare.html = ..\CommCompare.html
		..\CompoundObjects.html = ..\CompoundObjects.html
		..\CppBasicDemos.html = ..\CppBasicDemos.html
		..\CppBiteByByte.html = ..\CppBiteByByte.html
		..\CppBlockingQueue.html = ..\CppBlockingQueue.html
		..\CppCodeAnalyzer.html = ..\CppCodeAnalyzer.html
		..\CppCommWithFileXfer.html = ..\CppCommWithFileXfer.html
		..\CppConcurrentFileAccess.html = ..\CppConcurrentFileAccess.html
		..\CppGraph.html = ..\CppGraph.html
		..\CppHttpClientServer.html = ..\CppHttpClientServer.html
		..\CppLexicalScanner.html = ..\CppLexicalScanner.html
		..\CppMakeDemo.html = ..\CppMakeDemo.html
		..\CppModelsRepo.html = ..\CppModelsRepo.html
		..\CppNoSqlDb.html = ..\CppNoSqlDb.html
		..\CppParser.html = ..\CppParser.html
		..\CppProperties.html = ..\CppProperties.html
		..\CppRepositories.html = ..\CppRepositories.html
		..\CppStoryRepo.html = ..\CppStoryRepo.html
		..\CppThreads.html = ..\CppThreads.html
		..\CppUtilities.html = ..\CppUtilities.html
		..\CsBasicDemos.html = ..\CsBasicDemos.html
		..\CsBlockingQueue.html = ..\CsBlockingQueue.html
		..\CsCommPrototype.html = ..\CsCommPrototype.html
		..\CsConcurrentFileAccess.html = ..\CsConcurrentFileAccess.html
		..\CsDependencyAnalysis.html = ..\CsDependencyAnalysis.html
		..\CsGraph.html = ..\CsGraph.html
		..\CsNavigator.html = ..\CsNavigator.html
		..\CsParser.html = ..\CsParser.html
		..\CsProcess.html = ..\CsProcess.html
		..\CsPublisherSubscriber.html = ..\CsPublisherSubscriber.html
		..\CsRemotePluggableRepo.html = ..\CsRemotePluggableRepo.html
		..\CsRepositories.html = ..\CsRepositories.html
		..\CsRepoTemplate.html = ..\CsRepoTemplate.html
		..\CsXDocument.html = ..\CsXDocument.html
		..\Cs_WCF_Demos.html = ..\Cs_WCF_Demos.html
		..\Cs_WPF_Demos.html = ..\Cs_WPF_Demos.html
		..\DesignBites.html = ..\DesignBites.html
		..\Diff_WPF.html = ..\Diff_WPF.html
		..\Duplicates.html = ..\Duplicates.html
		..\FileDates.html = ..\FileDates.html
		..\FileManager.html = ..\FileManager.html
		..\FileSizes.html = ..\FileSizes.html
		..\FileSystem.html = ..\FileSystem.html
		..\FileUtilities.html = ..\FileUtilities.html
		..\FindFiles.html = ..\FindFiles.html
		..\IdiomsAndPatterns.html = ..\IdiomsAndPatterns.html
		..\Interop.html = ..\Interop.html
		..\IOStreams.html = ..\IOStreams.html
		..\JsRepositories.html = ..\JsRepositories.html
		..\Logger.html = ..\Logger.html
		..\ObjectFactories.html = ..\ObjectFactories.html
		..\OtherRepositories.html = ..\OtherRepositories.html
		..\PrettyPrint.html = ..\PrettyPrint.html
		..\Process.html = ..\Process.html
		..\ProcsAndThreads.html = ..\ProcsAndThreads.html
		..\RetryWrapper.html = ..\RetryWrapper.html
		..\RsRepositories.html = ..\RsRepositories.html
		..\RustBasicDemos.html = ..\RustBasicDemos.html
		..\RustBiteByByte.html = ..\RustBiteByByte.html
		..\RustBlockingQueue.html = ..\RustBlockingQueue.html
		..\RustByteRecord.html = ..\RustByteRecord.html
		..\RustCmdLine.html = ..\RustCmdLine.html
		..\RustComm.html = ..\RustComm.html
		..\RustCommExperiments.html = ..\RustCommExperiments.html
		..\RustCommWithThreadPool.html = ..\RustCommWithThreadPool.html
		..\RustDirNav.html = ..\RustDirNav.html
		..\RustDisplayLib.html = ..\RustDisplayLib.html
		..\RustErrorHandling.html = ..\RustErrorHandling.html
		..\RustLibraryDemos.html = ..\RustLibraryDemos.html
		..\RustLogger.html = ..\RustLogger.html
		..\RustModels.html = ..\RustModels.html
		..\RustStoryRepo.html = ..\RustStoryRepo.html
		..\RustStringConversions.html = ..\RustStringConversions.html
		..\RustTextFinder.html = ..\RustTextFinder.html
		..\RustThreading.html = ..\RustThreading.html
		..\RustThreadPool.html = ..\RustThreadPool.html
		..\SitePages.html = ..\SitePages.html
		..\Sockets.html = ..\Sockets.html
		..\STL-Containers.html = ..\STL-Containers.html
		..\StoriesRepo.html = ..\StoriesRepo.html
		..\StoryTellerRepo.html = ..\StoryTellerRepo.html
		..\StoryTest_V3.html = ..\StoryTest_V3.html
		..\STR.html = ..\STR.html
		..\STRCode.html = ..\STRCode.html
		..\TemplateTechniques.html = ..\TemplateTechniques.html
		..\Testing.html = ..\Testing.html
		..\Test_WebComponentLibs.html = ..\Test_WebComponentLibs.html
		..\TextFinder.html = ..\TextFinder.html
		..\ThreadPool.html = ..\ThreadPool.html
		..\WebComponents.html = ..\WebComponents.html
		..\WebComponentTests.html = ..\WebComponentTests.html
		..\WebLibraries.html = ..\WebLibraries.html
		..\XmlDocument.html = ..\XmlDocument.html
	EndProjectSection
EndProject
Project("{2150E333-8FDC-42A3-9474-1A3956D46DE8}") = "CodeSnaps", "CodeSnaps", "{E1D6438E-AEEB-4405-83FE-A686CF27B61F}"
	ProjectSection(SolutionItems) = preProject
		..\CodeSnap-BlockingQueue.cpp.html = ..\CodeSnap-BlockingQueue.cpp.html
		..\CodeSnap-BlockingQueue.h.html = ..\CodeSnap-BlockingQueue.h.html
		..\CodeSnap-BlockingQueue.txt.html = ..\CodeSnap-BlockingQueue.txt.html
		..\CodeSnap-ClassAnatomy.cpp.html = ..\CodeSnap-ClassAnatomy.cpp.html
		..\CodeSnap-ClassAnatomy.h.html = ..\CodeSnap-ClassAnatomy.h.html
		..\CodeSnap-ClassAnatomy.txt.html = ..\CodeSnap-ClassAnatomy.txt.html
		..\CodeSnap-CompoundObjects.cpp.html = ..\CodeSnap-CompoundObjects.cpp.html
		..\CodeSnap-CompoundObjects.txt.html = ..\CodeSnap-CompoundObjects.txt.html
		..\CodeSnap-Converter.cpp.html = ..\CodeSnap-Converter.cpp.html
		..\CodeSnap-Converter.h.html = ..\CodeSnap-Converter.h.html
		..\CodeSnap-Converter.txt.html = ..\CodeSnap-Converter.txt.html
		..\CodeSnap-FunctionObjects.cpp.html = ..\CodeSnap-FunctionObjects.cpp.html
		..\CodeSnap-FunctionObjects.h.html = ..\CodeSnap-FunctionObjects.h.html
		..\CodeSnap-FunctionObjects.txt.html = ..\CodeSnap-FunctionObjects.txt.html
		..\CodeSnap-Inheritance.cpp.html = ..\CodeSnap-Inheritance.cpp.html
		..\CodeSnap-Inheritance.h.html = ..\CodeSnap-Inheritance.h.html
		..\CodeSnap-Inheritance.txt.html = ..\CodeSnap-Inheritance.txt.html
		..\CodeSnap-LambdaCapture.cpp.html = ..\CodeSnap-LambdaCapture.cpp.html
		..\CodeSnap-LambdaCapture.txt.html = ..\CodeSnap-LambdaCapture.txt.html
		..\CodeSnap-Lambdas.cpp.html = ..\CodeSnap-Lambdas.cpp.html
		..\CodeSnap-PointersAndReferences.cpp.html = ..\CodeSnap-PointersAndReferences.cpp.html
		..\CodeSnap-PointersAndReferences.txt.html = ..\CodeSnap-PointersAndReferences.txt.html
		..\CodeSnap-Strings.cpp.html = ..\CodeSnap-Strings.cpp.html
		..\CodeSnap-Strings.h.html = ..\CodeSnap-Strings.h.html
		..\CodeSnap-Strings.txt.html = ..\CodeSnap-Strings.txt.html
		..\CodeSnap-Templates.cpp.html = ..\CodeSnap-Templates.cpp.html
		..\CodeSnap-Templates.h.html = ..\CodeSnap-Templates.h.html
		..\CodeSnap-Templates.txt.html = ..\CodeSnap-Templates.txt.html
		..\CodeSnap-TestUtilities.cpp.html = ..\CodeSnap-TestUtilities.cpp.html
		..\CodeSnap-TestUtilities.h.html = ..\CodeSnap-TestUtilities.h.html
		..\CodeSnap-TestUtilities.txt.html = ..\CodeSnap-TestUtilities.txt.html
	EndProjectSection
EndProject
Project("{2150E333-8FDC-42A3-9474-1A3956D46DE8}") = "Archive", "Archive", "{F5BEF078-6F95-4336-B011-CD312B3331B5}"
	ProjectSection(SolutionItems) = preProject
		..\About.html = ..\About.html
		..\Components.html = ..\Components.html
		..\Demos.html = ..\Demos.html
		..\DesignNotes.html = ..\DesignNotes.html
		..\LinuxShellCommands.htm = ..\LinuxShellCommands.htm
		..\Parser.html = ..\Parser.html
		..\Projects.html = ..\Projects.html
		..\Tools.html = ..\Tools.html
		..\Utilities.html = ..\Utilities.html
	EndProjectSection
EndProject
Project("{2150E333-8FDC-42A3-9474-1A3956D46DE8}") = "Cpp", "Cpp", "{E4B39678-A74C-475B-AAE6-AF93C3D13087}"
	ProjectSection(SolutionItems) = preProject
		..\LangCpp.html = ..\LangCpp.html
	EndProjectSection
EndProject
Project("{2150E333-8FDC-42A3-9474-1A3956D46DE8}") = "Csharp", "Csharp", "{67955A3A-3794-4B85-8388-27F857729207}"
	ProjectSection(SolutionItems) = preProject
		..\Resources\DesignBites\DesignBites_StructurePlugIn.html = ..\Resources\DesignBites\DesignBites_StructurePlugIn.html
		..\LangCSharp.html = ..\LangCSharp.html
		..\Resources\CsBites\js\ScriptsPageFrame.js = ..\Resources\CsBites\js\ScriptsPageFrame.js
	EndProjectSection
EndProject
Project("{2150E333-8FDC-42A3-9474-1A3956D46DE8}") = "PowerShell", "PowerShell", "{5EFB0151-769F-47E6-849D-8C90B297726F}"
	ProjectSection(SolutionItems) = preProject
		..\LangPowerShell.html = ..\LangPowerShell.html
	EndProjectSection
EndProject
Project("{2150E333-8FDC-42A3-9474-1A3956D46DE8}") = "Windows", "Windows", "{AC9B5DC6-F256-4F44-A0F0-49A9BD3260F4}"
	ProjectSection(SolutionItems) = preProject
		..\PlatformWindows.html = ..\PlatformWindows.html
	EndProjectSection
EndProject
Project("{2150E333-8FDC-42A3-9474-1A3956D46DE8}") = "Linux", "Linux", "{CF60BE10-1A75-4577-8C78-7DEEAFE6CF83}"
	ProjectSection(SolutionItems) = preProject
		..\LinuxShellCommands.html = ..\LinuxShellCommands.html
		..\PlatformLinux.html = ..\PlatformLinux.html
	EndProjectSection
EndProject
Project("{2150E333-8FDC-42A3-9474-1A3956D46DE8}") = "Scripts", "Scripts", "{CEE875F8-80B2-41CD-8437-FDC62B7CD653}"
	ProjectSection(SolutionItems) = preProject
		..\Resources\CppBites\js\CppBiteScripts.js = ..\Resources\CppBites\js\CppBiteScripts.js
		..\js\ScriptsFlexMenus.js = ..\js\ScriptsFlexMenus.js
		..\js\ScriptsImageSizer.js = ..\js\ScriptsImageSizer.js
		..\js\ScriptsKeyboard.js = ..\js\ScriptsKeyboard.js
		..\js\ScriptsMenu.js = ..\js\ScriptsMenu.js
		..\js\ScriptsMenuCpp.js = ..\js\ScriptsMenuCpp.js
		..\js\ScriptsMenuCppRepo.js = ..\js\ScriptsMenuCppRepo.js
		..\js\ScriptsMenuCsRepo.js = ..\js\ScriptsMenuCsRepo.js
		..\js\ScriptsMenuDesignCourse.js = ..\js\ScriptsMenuDesignCourse.js
		..\js\ScriptsMenuJsRepo.js = ..\js\ScriptsMenuJsRepo.js
		..\js\ScriptsMenuOtherRepo.js = ..\js\ScriptsMenuOtherRepo.js
		..\js\ScriptsMenuRustRepo.js = ..\js\ScriptsMenuRustRepo.js
		..\stories\CppStory\js\ScriptsMenu_CppStory.js = ..\stories\CppStory\js\ScriptsMenu_CppStory.js
		..\stories\CppStory\js\ScriptsMenu_CppStoryExercizes.js = ..\stories\CppStory\js\ScriptsMenu_CppStoryExercizes.js
		..\js\ScriptsPageFrame.js = ..\js\ScriptsPageFrame.js
		..\js\ScriptsPageFrameCppRepos.js = ..\js\ScriptsPageFrameCppRepos.js
		..\js\ScriptsPageFrameCppReposIndex.js = ..\js\ScriptsPageFrameCppReposIndex.js
		..\js\ScriptsPageFrameCppStory.js = ..\js\ScriptsPageFrameCppStory.js
		..\js\ScriptsPageFrameCsRepos.js = ..\js\ScriptsPageFrameCsRepos.js
		..\js\ScriptsPageFrameCsReposIndex.js = ..\js\ScriptsPageFrameCsReposIndex.js
		..\js\ScriptsPageFrameFreePages.js = ..\js\ScriptsPageFrameFreePages.js
		..\js\ScriptsPageFrameJsRepos.js = ..\js\ScriptsPageFrameJsRepos.js
		..\js\ScriptsPageFrameJsReposIndex.js = ..\js\ScriptsPageFrameJsReposIndex.js
		..\js\ScriptsPageFrameKeyboard.js = ..\js\ScriptsPageFrameKeyboard.js
		..\js\ScriptsPageFrameOtherRepos.js = ..\js\ScriptsPageFrameOtherRepos.js
		..\js\ScriptsPageFrameOtherReposIndex.js = ..\js\ScriptsPageFrameOtherReposIndex.js
		..\js\ScriptsPageFramePagesBasicTrack.js = ..\js\ScriptsPageFramePagesBasicTrack.js
		..\js\ScriptsPageFramePagesBits.js = ..\js\ScriptsPageFramePagesBits.js
		..\js\ScriptsPageFramePagesCppRepos.js = ..\js\ScriptsPageFramePagesCppRepos.js
		..\js\ScriptsPageFramePagesCppStory.js = ..\js\ScriptsPageFramePagesCppStory.js
		..\js\ScriptsPageFramePagesCppTrack.js = ..\js\ScriptsPageFramePagesCppTrack.js
		..\js\ScriptsPageFramePagesCsRepos.js = ..\js\ScriptsPageFramePagesCsRepos.js
		..\js\ScriptsPageFramePagesCsTrack.js = ..\js\ScriptsPageFramePagesCsTrack.js
		..\js\ScriptsPageFramePagesDeployTrack.js = ..\js\ScriptsPageFramePagesDeployTrack.js
		..\js\ScriptsPageFramePagesDesignTrack.js = ..\js\ScriptsPageFramePagesDesignTrack.js
		..\js\ScriptsPageFramePagesHomeGroup.js = ..\js\ScriptsPageFramePagesHomeGroup.js
		..\js\ScriptsPageFramePagesJsRepos.js = ..\js\ScriptsPageFramePagesJsRepos.js
		..\js\ScriptsPageFramePagesOtherRepos.js = ..\js\ScriptsPageFramePagesOtherRepos.js
		..\js\ScriptsPageFramePagesRepoSum.js = ..\js\ScriptsPageFramePagesRepoSum.js
		..\js\ScriptsPageFramePagesRsRepos.js = ..\js\ScriptsPageFramePagesRsRepos.js
		..\js\ScriptsPageFramePagesRustStory.js = ..\js\ScriptsPageFramePagesRustStory.js
		..\js\ScriptsPageFramePagesRustTrack.js = ..\js\ScriptsPageFramePagesRustTrack.js
		..\js\ScriptsPageFramePagesWebDevTrack.js = ..\js\ScriptsPageFramePagesWebDevTrack.js
		..\js\ScriptsPageFrameRsRepos.js = ..\js\ScriptsPageFrameRsRepos.js
		..\js\ScriptsPageFrameRsReposIndex.js = ..\js\ScriptsPageFrameRsReposIndex.js
		..\js\ScriptsPageFrameRustStory.js = ..\js\ScriptsPageFrameRustStory.js
		..\js\ScriptsPageFrameTOC.js = ..\js\ScriptsPageFrameTOC.js
		..\js\ScriptsPageFrameTrackSummary.js = ..\js\ScriptsPageFrameTrackSummary.js
		..\js\ScriptsPhoto.js = ..\js\ScriptsPhoto.js
		..\js\ScriptsSizerComp.js = ..\js\ScriptsSizerComp.js
		..\js\ScriptsSlideInPanel.js = ..\js\ScriptsSlideInPanel.js
		..\js\ScriptsSlideShow.js = ..\js\ScriptsSlideShow.js
		..\js\ScriptsSplitterBar.js = ..\js\ScriptsSplitterBar.js
		..\js\ScriptsStory.js = ..\js\ScriptsStory.js
		..\js\ScriptsStoryAbsGridPage.js = ..\js\ScriptsStoryAbsGridPage.js
		..\js\ScriptsStorySzdGridPage.js = ..\js\ScriptsStorySzdGridPage.js
		..\js\ScriptsStoryTeller.js = ..\js\ScriptsStoryTeller.js
		..\js\ScriptsStoryTeller2.js = ..\js\ScriptsStoryTeller2.js
		..\js\ScriptsStoryTeller3.js = ..\js\ScriptsStoryTeller3.js
		..\js\ScriptsStoryTeller_LocalStorage.js = ..\js\ScriptsStoryTeller_LocalStorage.js
		..\js\ScriptsStoryTeller_Message.js = ..\js\ScriptsStoryTeller_Message.js
		..\js\ScriptsStoryTOC.js = ..\js\ScriptsStoryTOC.js
		..\js\ScriptsStoryTOC3.js = ..\js\ScriptsStoryTOC3.js
		..\js\ScriptsTemplate.js = ..\js\ScriptsTemplate.js
		..\js\ScriptsUtilities.js = ..\js\ScriptsUtilities.js
		..\js\ScriptsWebComponents.js = ..\js\ScriptsWebComponents.js
	EndProjectSection
EndProject
Project("{2150E333-8FDC-42A3-9474-1A3956D46DE8}") = "Styles", "Styles", "{00DB46CA-3792-433E-AE8D-C0C6D8089A1D}"
	ProjectSection(SolutionItems) = preProject
		..\css\StylesBlueTheme.css = ..\css\StylesBlueTheme.css
		..\css\StylesBrownTheme.css = ..\css\StylesBrownTheme.css
		..\css\StylesDarkRedTheme.css = ..\css\StylesDarkRedTheme.css
		..\css\StylesDefault.css = ..\css\StylesDefault.css
		..\css\StylesFlexMenus.css = ..\css\StylesFlexMenus.css
		..\css\StylesGreenTheme.css = ..\css\StylesGreenTheme.css
		..\css\StylesImageSizer.css = ..\css\StylesImageSizer.css
		..\css\StylesMenu.css = ..\css\StylesMenu.css
		..\stories\CppStory\css\StylesMenu_CppStory.css = ..\stories\CppStory\css\StylesMenu_CppStory.css
		..\css\StylesPageFrame.css = ..\css\StylesPageFrame.css
		..\css\StylesPageFrameDefaults.css = ..\css\StylesPageFrameDefaults.css
		..\css\StylesPageFrameMenus.css = ..\css\StylesPageFrameMenus.css
		..\css\StylesPageFrameMenusTOC.css = ..\css\StylesPageFrameMenusTOC.css
		..\css\StylesPageFrameStructure.css = ..\css\StylesPageFrameStructure.css
		..\css\StylesPageFrameThemeBlue.css = ..\css\StylesPageFrameThemeBlue.css
		..\css\StylesPageFrameThemeBrown.css = ..\css\StylesPageFrameThemeBrown.css
		..\css\StylesPageFrameThemeCsharp.css = ..\css\StylesPageFrameThemeCsharp.css
		..\css\StylesPageFrameThemeDefault.css = ..\css\StylesPageFrameThemeDefault.css
		..\css\StylesPageFrameThemeGreen.css = ..\css\StylesPageFrameThemeGreen.css
		..\css\StylesPageFrameThemeHome.css = ..\css\StylesPageFrameThemeHome.css
		..\css\StylesPageFrameThemeRust.css = ..\css\StylesPageFrameThemeRust.css
		..\css\StylesPhoto.css = ..\css\StylesPhoto.css
		..\css\StylesRustTheme.css = ..\css\StylesRustTheme.css
		..\css\StylesSimpleDropDownMenu.css = ..\css\StylesSimpleDropDownMenu.css
		..\css\StylesSizerComp.css = ..\css\StylesSizerComp.css
		..\css\StylesSlideInPanel.css = ..\css\StylesSlideInPanel.css
		..\css\StylesSlideShow.css = ..\css\StylesSlideShow.css
		..\css\StylesSplitterBar.css = ..\css\StylesSplitterBar.css
		..\css\StylesStoryAbsGridPage.css = ..\css\StylesStoryAbsGridPage.css
		..\css\StylesStorySzdGridPage.css = ..\css\StylesStorySzdGridPage.css
		..\css\StylesStoryTeller.css = ..\css\StylesStoryTeller.css
		..\css\StylesStoryTOC.css = ..\css\StylesStoryTOC.css
		..\css\StylesTemplate.css = ..\css\StylesTemplate.css
		..\css\StylesTemplate2.css = ..\css\StylesTemplate2.css
		..\stories\CppStory\css\StylesTemplate_CppStory.css = ..\stories\CppStory\css\StylesTemplate_CppStory.css
		..\css\StylesWebComponents.css = ..\css\StylesWebComponents.css
	EndProjectSection
EndProject
Project("{2150E333-8FDC-42A3-9474-1A3956D46DE8}") = "Tests", "Tests", "{348F6D0B-B48A-4371-983F-5DE54E4729CB}"
	ProjectSection(SolutionItems) = preProject
		..\TestDefaultStyles.html = ..\TestDefaultStyles.html
		..\TestFileLoad.html = ..\TestFileLoad.html
		..\TestFlexMenu.html = ..\TestFlexMenu.html
		..\TestPage.html = ..\TestPage.html
		..\TestPageColors_Blue.html = ..\TestPageColors_Blue.html
		..\TestPageColors_Brown.html = ..\TestPageColors_Brown.html
		..\TestPageColors_DarkRed.html = ..\TestPageColors_DarkRed.html
		..\TestPageColors_Green.html = ..\TestPageColors_Green.html
		..\Tests.html = ..\Tests.html
		..\TestSiblingFlexMenu.html = ..\TestSiblingFlexMenu.html
		..\TestSizer2.html = ..\TestSizer2.html
		..\TestSlider2.html = ..\TestSlider2.html
		..\Test_CodeStyle.html = ..\Test_CodeStyle.html
		..\Test_CodeWebComponent.html = ..\Test_CodeWebComponent.html
		..\Test_Draggable.html = ..\Test_Draggable.html
		..\Test_Flex.html = ..\Test_Flex.html
		..\Test_HideablePhotoSizerWebComponent-Ver1.html = ..\Test_HideablePhotoSizerWebComponent-Ver1.html
		..\Test_HideablePhotoSizerWebComponent-Ver2.html = ..\Test_HideablePhotoSizerWebComponent-Ver2.html
		..\Test_ImageSizer.html = ..\Test_ImageSizer.html
		..\Test_Photo.html = ..\Test_Photo.html
		..\Test_PhotoSizerWebComponent.html = ..\Test_PhotoSizerWebComponent.html
		..\Test_PhotoWebComponent.html = ..\Test_PhotoWebComponent.html
		..\Test_QuickStatus.html = ..\Test_QuickStatus.html
		..\Test_Sizer.html = ..\Test_Sizer.html
		..\Test_SlideInPanel.html = ..\Test_SlideInPanel.html
		..\Test_SlideShow.html = ..\Test_SlideShow.html
		..\Test_SplitterBar.html = ..\Test_SplitterBar.html
		..\Test_WebComponentLibs.html = ..\Test_WebComponentLibs.html
	EndProjectSection
EndProject
Project("{2150E333-8FDC-42A3-9474-1A3956D46DE8}") = "Test-Pages", "Test-Pages", "{22C058D7-08FE-48D3-870E-1EDC51B10B65}"
	ProjectSection(SolutionItems) = preProject
		..\NewPageFormat.html = ..\NewPageFormat.html
		..\page_test.html = ..\page_test.html
		..\js\Scripts_Test.js = ..\js\Scripts_Test.js
		..\css\Styles_Test.css = ..\css\Styles_Test.css
		..\TestFlexMenu.html = ..\TestFlexMenu.html
	EndProjectSection
EndProject
Project("{2150E333-8FDC-42A3-9474-1A3956D46DE8}") = "Bites", "Bites", "{78E0831D-0B9B-4C40-B48A-E4CD129B1E24}"
	ProjectSection(SolutionItems) = preProject
		..\Resources\RustBites\js\BiteScripts.js = ..\Resources\RustBites\js\BiteScripts.js
		..\Resources\RustBites\css\BiteStyles.css = ..\Resources\RustBites\css\BiteStyles.css
		..\Resources\RustBites\Bites_PagePrototype.html = ..\Resources\RustBites\Bites_PagePrototype.html
		..\Resources\BasicBites\Bites_PagePrototype.html = ..\Resources\BasicBites\Bites_PagePrototype.html
		..\Resources\RustBites\css\BiteTables.css = ..\Resources\RustBites\css\BiteTables.css
		..\Resources\RustBites\RustBites_Abstract.html = ..\Resources\RustBites\RustBites_Abstract.html
		..\Resources\RustBites\RustBites_AsyncAwt.html = ..\Resources\RustBites\RustBites_AsyncAwt.html
		..\Resources\RustBites\RustBites_Channels.html = ..\Resources\RustBites\RustBites_Channels.html
		..\Resources\RustBites\RustBites_CodeExamples.html = ..\Resources\RustBites\RustBites_CodeExamples.html
		..\Resources\RustBites\RustBites_CodeExperiments.html = ..\Resources\RustBites\RustBites_CodeExperiments.html
		..\Resources\RustBites\RustBites_Collects.html = ..\Resources\RustBites\RustBites_Collects.html
		..\Resources\RustBites\RustBites_Conversions.html = ..\Resources\RustBites\RustBites_Conversions.html
		..\Resources\RustBites\RustBites_Data.html = ..\Resources\RustBites\RustBites_Data.html
		..\Resources\RustBites\RustBites_DataStr.html = ..\Resources\RustBites\RustBites_DataStr.html
		..\Resources\RustBites\RustBites_Enums.html = ..\Resources\RustBites\RustBites_Enums.html
		..\Resources\RustBites\RustBites_ErrHnd.html = ..\Resources\RustBites\RustBites_ErrHnd.html
		..\Resources\RustBites\RustBites_Experiments.html = ..\Resources\RustBites\RustBites_Experiments.html
		..\Resources\RustBites\RustBites_Facts.html = ..\Resources\RustBites\RustBites_Facts.html
		..\Resources\RustBites\RustBites_FlashCards.html = ..\Resources\RustBites\RustBites_FlashCards.html
		..\Resources\RustBites\RustBites_Functs.html = ..\Resources\RustBites\RustBites_Functs.html
		..\Resources\RustBites\RustBites_Generics.html = ..\Resources\RustBites\RustBites_Generics.html
		..\Resources\RustBites\RustBites_GettingStarted.html = ..\Resources\RustBites\RustBites_GettingStarted.html
		..\Resources\RustBites\RustBites_Idioms.html = ..\Resources\RustBites\RustBites_Idioms.html
		..\Resources\RustBites\RustBites_Intmut.html = ..\Resources\RustBites\RustBites_Intmut.html
		..\Resources\RustBites\RustBites_Intro.html = ..\Resources\RustBites\RustBites_Intro.html
		..\Resources\RustBites\RustBites_Iterator.html = ..\Resources\RustBites\RustBites_Iterator.html
		..\Resources\RustBites\RustBites_LifeCycle.html = ..\Resources\RustBites\RustBites_LifeCycle.html
		..\Resources\RustBites\RustBites_LifeTime.html = ..\Resources\RustBites\RustBites_LifeTime.html
		..\Resources\RustBites\RustBites_Macros.html = ..\Resources\RustBites\RustBites_Macros.html
		..\Resources\RustBites\RustBites_Options.html = ..\Resources\RustBites\RustBites_Options.html
		..\Resources\RustBites\RustBites_Ownrs.html = ..\Resources\RustBites\RustBites_Ownrs.html
		..\Resources\RustBites\RustBites_RegEx.html = ..\Resources\RustBites\RustBites_RegEx.html
		..\Resources\RustBites\RustBites_Safety.html = ..\Resources\RustBites\RustBites_Safety.html
		..\Resources\RustBites\RustBites_SmartPtrs.html = ..\Resources\RustBites\RustBites_SmartPtrs.html
		..\Resources\RustBites\RustBites_Strings.html = ..\Resources\RustBites\RustBites_Strings.html
		..\Resources\RustBites\RustBites_Structs.html = ..\Resources\RustBites\RustBites_Structs.html
		..\Resources\RustBites\RustBites_Synchron.html = ..\Resources\RustBites\RustBites_Synchron.html
		..\Resources\RustBites\RustBites_Threads.html = ..\Resources\RustBites\RustBites_Threads.html
		..\Resources\RustBites\RustBites_TipsAndTricks.html = ..\Resources\RustBites\RustBites_TipsAndTricks.html
		..\Resources\RustBites\RustBites_Tooling.html = ..\Resources\RustBites\RustBites_Tooling.html
		..\Resources\RustBites\RustBites_Traits.html = ..\Resources\RustBites\RustBites_Traits.html
		..\Resources\RustBites\RustBites_UDB.html = ..\Resources\RustBites\RustBites_UDB.html
		..\Resources\RustBites\js\ScriptsKeyboard.js = ..\Resources\RustBites\js\ScriptsKeyboard.js
		..\Resources\RustBites\js\ScriptsPageFrame.js = ..\Resources\RustBites\js\ScriptsPageFrame.js
		..\Resources\RustBites\js\ScriptsPageFrameKeyboard.js = ..\Resources\RustBites\js\ScriptsPageFrameKeyboard.js
		..\Resources\RustBites\js\ScriptsPageFramePagesRustTrack.js = ..\Resources\RustBites\js\ScriptsPageFramePagesRustTrack.js
		..\Resources\RustBites\css\StylesPageFrameDefaults.css = ..\Resources\RustBites\css\StylesPageFrameDefaults.css
		..\Resources\RustBites\css\StylesPageFrameMenus.css = ..\Resources\RustBites\css\StylesPageFrameMenus.css
		..\Resources\RustBites\css\StylesPageFrameStructure.css = ..\Resources\RustBites\css\StylesPageFrameStructure.css
		..\Resources\RustBites\css\StylesPageFrameThemeRust.css = ..\Resources\RustBites\css\StylesPageFrameThemeRust.css
		..\Resources\RustBites\css\Styles_Basic.css = ..\Resources\RustBites\css\Styles_Basic.css
		..\Resources\RustBites\css\Styles_Structure.css = ..\Resources\RustBites\css\Styles_Structure.css
	EndProjectSection
EndProject
Project("{2150E333-8FDC-42A3-9474-1A3956D46DE8}") = "IdiomsAndPatterns", "IdiomsAndPatterns", "{EFDD8277-95B8-421F-A0CA-44CD2680C073}"
	ProjectSection(SolutionItems) = preProject
		..\Resources\IdiomsAndPatterns\IaP_BasicDIP.html = ..\Resources\IdiomsAndPatterns\IaP_BasicDIP.html
		..\Resources\IdiomsAndPatterns\IaP_Data.html = ..\Resources\IdiomsAndPatterns\IaP_Data.html
		..\Resources\IdiomsAndPatterns\IaP_GenericDIP.html = ..\Resources\IdiomsAndPatterns\IaP_GenericDIP.html
		..\Resources\IdiomsAndPatterns\IaP_Hello.html = ..\Resources\IdiomsAndPatterns\IaP_Hello.html
		..\Resources\IdiomsAndPatterns\IaP_Iteration.html = ..\Resources\IdiomsAndPatterns\IaP_Iteration.html
		..\Resources\IdiomsAndPatterns\IaP_Libs.html = ..\Resources\IdiomsAndPatterns\IaP_Libs.html
		..\Resources\IdiomsAndPatterns\IaP_Objects.html = ..\Resources\IdiomsAndPatterns\IaP_Objects.html
		..\Resources\IdiomsAndPatterns\js\IaP_Scripts.js = ..\Resources\IdiomsAndPatterns\js\IaP_Scripts.js
		..\Resources\IdiomsAndPatterns\css\IaP_Styles.css = ..\Resources\IdiomsAndPatterns\css\IaP_Styles.css
		..\Resources\IdiomsAndPatterns\ObjectModels.html = ..\Resources\IdiomsAndPatterns\ObjectModels.html
		..\Resources\IdiomsAndPatterns\js\ScriptsKeyboard.js = ..\Resources\IdiomsAndPatterns\js\ScriptsKeyboard.js
		..\Resources\IdiomsAndPatterns\css\Styles_Basic.css = ..\Resources\IdiomsAndPatterns\css\Styles_Basic.css
		..\Resources\IdiomsAndPatterns\css\Styles_Structure.css = ..\Resources\IdiomsAndPatterns\css\Styles_Structure.css
		..\Resources\IdiomsAndPatterns\Tooling.html = ..\Resources\IdiomsAndPatterns\Tooling.html
	EndProjectSection
EndProject
Project("{2150E333-8FDC-42A3-9474-1A3956D46DE8}") = "BuildOn", "BuildOn", "{1E30E002-649A-4070-908A-1C3A4FC4B154}"
	ProjectSection(SolutionItems) = preProject
		..\Resources\BuildOn\BuildOn-Step0.html = ..\Resources\BuildOn\BuildOn-Step0.html
		..\BuildOn.html = ..\BuildOn.html
		..\Resources\BuildOn\Intro.html = ..\Resources\BuildOn\Intro.html
		..\Resources\BuildOn\RustIntro.html = ..\Resources\BuildOn\RustIntro.html
		..\Resources\BuildOn\js\ScriptsKeyboard.js = ..\Resources\BuildOn\js\ScriptsKeyboard.js
		..\Resources\BuildOn\js\ScriptsMenuRustRepo.js = ..\Resources\BuildOn\js\ScriptsMenuRustRepo.js
		..\Resources\BuildOn\js\ScriptsStoryAbsGridPage.js = ..\Resources\BuildOn\js\ScriptsStoryAbsGridPage.js
		..\Resources\BuildOn\js\ScriptsTemplate.js = ..\Resources\BuildOn\js\ScriptsTemplate.js
		..\Resources\BuildOn\js\ScriptsUtilities.js = ..\Resources\BuildOn\js\ScriptsUtilities.js
		..\Resources\BuildOn\js\ScriptsWebComponents.js = ..\Resources\BuildOn\js\ScriptsWebComponents.js
		..\Resources\BuildOn\js\Scripts_StoryPageMenu.js = ..\Resources\BuildOn\js\Scripts_StoryPageMenu.js
		..\Resources\BuildOn\Step0.html = ..\Resources\BuildOn\Step0.html
		..\Resources\BuildOn\Step1.html = ..\Resources\BuildOn\Step1.html
		..\Resources\BuildOn\Step2.html = ..\Resources\BuildOn\Step2.html
		..\Resources\BuildOn\Step3.html = ..\Resources\BuildOn\Step3.html
		..\Resources\BuildOn\Step4.html = ..\Resources\BuildOn\Step4.html
		..\Resources\BuildOn\Step5.html = ..\Resources\BuildOn\Step5.html
		..\Resources\BuildOn\Step6.html = ..\Resources\BuildOn\Step6.html
		..\Resources\BuildOn\StepsRefs.html = ..\Resources\BuildOn\StepsRefs.html
		..\Resources\BuildOn\css\StylesMenu.css = ..\Resources\BuildOn\css\StylesMenu.css
		..\Resources\BuildOn\css\StylesStoryDefault.css = ..\Resources\BuildOn\css\StylesStoryDefault.css
		..\Resources\BuildOn\css\StylesTemplate.css = ..\Resources\BuildOn\css\StylesTemplate.css
		..\Resources\BuildOn\css\StylesWebComponents.css = ..\Resources\BuildOn\css\StylesWebComponents.css
		..\Resources\BuildOn\css\Styles_Basic.css = ..\Resources\BuildOn\css\Styles_Basic.css
		..\Resources\BuildOn\css\Styles_RustTheme.css = ..\Resources\BuildOn\css\Styles_RustTheme.css
		..\Resources\BuildOn\css\Styles_StoryPagesGrid.css = ..\Resources\BuildOn\css\Styles_StoryPagesGrid.css
		..\Resources\BuildOn\css\Styles_Structure.css = ..\Resources\BuildOn\css\Styles_Structure.css
		..\Resources\BuildOn\Test1.html = ..\Resources\BuildOn\Test1.html
	EndProjectSection
EndProject
Project("{2150E333-8FDC-42A3-9474-1A3956D46DE8}") = "FlashCards", "FlashCards", "{7706B4D8-9F23-4283-979A-DD73977ED525}"
	ProjectSection(SolutionItems) = preProject
		..\Resources\FlashCards\FlashCard.html = ..\Resources\FlashCards\FlashCard.html
		..\Resources\FlashCards\css\Styles_Basic.css = ..\Resources\FlashCards\css\Styles_Basic.css
		..\Resources\FlashCards\css\Styles_RustTheme.css = ..\Resources\FlashCards\css\Styles_RustTheme.css
		..\Resources\FlashCards\css\Styles_StoryPagesGrid.css = ..\Resources\FlashCards\css\Styles_StoryPagesGrid.css
		..\Resources\FlashCards\css\Styles_Structure.css = ..\Resources\FlashCards\css\Styles_Structure.css
	EndProjectSection
EndProject
Project("{2150E333-8FDC-42A3-9474-1A3956D46DE8}") = "DesignBites", "DesignBites", "{E1F0EAE5-2EF9-40B2-917B-2862D21D0E95}"
	ProjectSection(SolutionItems) = preProject
		..\Resources\DesignBites\js\BiteScripts.js = ..\Resources\DesignBites\js\BiteScripts.js
		..\Resources\DesignBites\css\BiteStyles.css = ..\Resources\DesignBites\css\BiteStyles.css
		..\Resources\DesignBites\Design.html = ..\Resources\DesignBites\Design.html
		..\DesignBites.html = ..\DesignBites.html
		..\Resources\DesignBites\DesignBites_Intro.html = ..\Resources\DesignBites\DesignBites_Intro.html
		..\Resources\DesignBites\DesignBites_Structure.html = ..\Resources\DesignBites\DesignBites_Structure.html
		..\Resources\DesignBites\DesignBites_StructureBasic.html = ..\Resources\DesignBites\DesignBites_StructureBasic.html
		..\Resources\DesignBites\DesignBites_StructureDataFlow.html = ..\Resources\DesignBites\DesignBites_StructureDataFlow.html
		..\Resources\DesignBites\DesignBites_StructureFactored.html = ..\Resources\DesignBites\DesignBites_StructureFactored.html
		..\Resources\DesignBites\DesignBites_StructurePlugIn.html = ..\Resources\DesignBites\DesignBites_StructurePlugIn.html
		..\Resources\DesignBites\DesignBites_StructureTypeErase.html = ..\Resources\DesignBites\DesignBites_StructureTypeErase.html
		..\Resources\DesignBites\js\ScriptsPageFrame.js = ..\Resources\DesignBites\js\ScriptsPageFrame.js
		..\Resources\DesignBites\js\ScriptsPageFrameDefaults.js = ..\Resources\DesignBites\js\ScriptsPageFrameDefaults.js
		..\Resources\DesignBites\js\ScriptsPageFrameKeyboard.js = ..\Resources\DesignBites\js\ScriptsPageFrameKeyboard.js
		..\Resources\DesignBites\js\ScriptsPageFramePagesDesignTrack.js = ..\Resources\DesignBites\js\ScriptsPageFramePagesDesignTrack.js
		..\Resources\DesignBites\css\StylesPageFrame.css = ..\Resources\DesignBites\css\StylesPageFrame.css
		..\Resources\DesignBites\css\StylesPageFrameDefaults.css = ..\Resources\DesignBites\css\StylesPageFrameDefaults.css
		..\Resources\DesignBites\css\StylesPageFrameMenus.css = ..\Resources\DesignBites\css\StylesPageFrameMenus.css
		..\Resources\DesignBites\css\StylesPageFrameStructure.css = ..\Resources\DesignBites\css\StylesPageFrameStructure.css
		..\Resources\DesignBites\css\StylesPageFrameThemeDefault.css = ..\Resources\DesignBites\css\StylesPageFrameThemeDefault.css
	EndProjectSection
EndProject
Project("{2150E333-8FDC-42A3-9474-1A3956D46DE8}") = "Animations", "Animations", "{DC8ED8AF-F822-4887-B13E-0CEE74F42FD6}"
	ProjectSection(SolutionItems) = preProject
		..\Resources\Animations\Anim_Collections.html = ..\Resources\Animations\Anim_Collections.html
		..\Resources\Animations\Anim_Features.html = ..\Resources\Animations\Anim_Features.html
		..\Resources\Animations\Anim_Glossary.html = ..\Resources\Animations\Anim_Glossary.html
		..\Resources\Animations\Anim_Libraries.html = ..\Resources\Animations\Anim_Libraries.html
	EndProjectSection
EndProject
Project("{2150E333-8FDC-42A3-9474-1A3956D46DE8}") = "BasicBites", "BasicBites", "{BD67262E-B146-49DF-939F-E0A0E54BA8B2}"
	ProjectSection(SolutionItems) = preProject
		..\Resources\BasicBites\js\BasicBiteScripts.js = ..\Resources\BasicBites\js\BasicBiteScripts.js
		..\Resources\BasicBites\BasicBites_Intro.html = ..\Resources\BasicBites\BasicBites_Intro.html
		..\Resources\BasicBites\BasicBites_ObjLifetime.html = ..\Resources\BasicBites\BasicBites_ObjLifetime.html
		..\Resources\BasicBites\BasicBites_ObjModel.html = ..\Resources\BasicBites\BasicBites_ObjModel.html
		..\Resources\BasicBites\BasicBites_ObjOwnership.html = ..\Resources\BasicBites\BasicBites_ObjOwnership.html
		..\Resources\BasicBites\BasicBites_ObjResMgmt.html = ..\Resources\BasicBites\BasicBites_ObjResMgmt.html
		..\Resources\BasicBites\BasicBites_Platform.html = ..\Resources\BasicBites\BasicBites_Platform.html
		..\Resources\BasicBites\BasicBites_PlatformIO.html = ..\Resources\BasicBites\BasicBites_PlatformIO.html
		..\Resources\BasicBites\BasicBites_PlatformMemory.html = ..\Resources\BasicBites\BasicBites_PlatformMemory.html
		..\Resources\BasicBites\BasicBites_PlatformSched.html = ..\Resources\BasicBites\BasicBites_PlatformSched.html
		..\Resources\BasicBites\BasicBites_PlatformSysRescr.html = ..\Resources\BasicBites\BasicBites_PlatformSysRescr.html
		..\Resources\BasicBites\BasicBites_ProgExec.html = ..\Resources\BasicBites\BasicBites_ProgExec.html
		..\Resources\BasicBites\BasicBites_ProgFunctions.html = ..\Resources\BasicBites\BasicBites_ProgFunctions.html
		..\Resources\BasicBites\BasicBites_ProgPlatformAPI.html = ..\Resources\BasicBites\BasicBites_ProgPlatformAPI.html
		..\Resources\BasicBites\BasicBites_Programming.html = ..\Resources\BasicBites\BasicBites_Programming.html
		..\Resources\BasicBites\BasicBites_ProgSafety.html = ..\Resources\BasicBites\BasicBites_ProgSafety.html
		..\Resources\BasicBites\BasicBites_ProgStruct.html = ..\Resources\BasicBites\BasicBites_ProgStruct.html
		..\Resources\BasicBites\BasicBites_ProgTypes.html = ..\Resources\BasicBites\BasicBites_ProgTypes.html
		..\Resources\BasicBites\BasicBites_SummaryManaged.html = ..\Resources\BasicBites\BasicBites_SummaryManaged.html
		..\Resources\BasicBites\BasicBites_SummaryNative.html = ..\Resources\BasicBites\BasicBites_SummaryNative.html
		..\Resources\BasicBites\css\BiteStyles.css = ..\Resources\BasicBites\css\BiteStyles.css
		..\Resources\BasicBites\css\BiteTables.css = ..\Resources\BasicBites\css\BiteTables.css
		..\Resources\BasicBites\js\ScriptsPageFrame.js = ..\Resources\BasicBites\js\ScriptsPageFrame.js
		..\Resources\BasicBites\js\ScriptsPageFrameKeyboard.js = ..\Resources\BasicBites\js\ScriptsPageFrameKeyboard.js
		..\Resources\BasicBites\js\ScriptsPageFramePagesBasicTrack.js = ..\Resources\BasicBites\js\ScriptsPageFramePagesBasicTrack.js
		..\Resources\BasicBites\js\ScriptsWebComponents.js = ..\Resources\BasicBites\js\ScriptsWebComponents.js
		..\Resources\BasicBites\css\StylesPageFrameDefaults.css = ..\Resources\BasicBites\css\StylesPageFrameDefaults.css
		..\Resources\BasicBites\css\StylesPageFrameMenus.css = ..\Resources\BasicBites\css\StylesPageFrameMenus.css
		..\Resources\BasicBites\css\StylesPageFrameStructure.css = ..\Resources\BasicBites\css\StylesPageFrameStructure.css
		..\Resources\BasicBites\css\StylesPageFrameThemeDefault.css = ..\Resources\BasicBites\css\StylesPageFrameThemeDefault.css
		..\Resources\BasicBites\css\StylesWebComponents.css = ..\Resources\BasicBites\css\StylesWebComponents.css
		..\Resources\BasicBites\css\Styles_Basic.css = ..\Resources\BasicBites\css\Styles_Basic.css
		..\Resources\BasicBites\css\Styles_Structure.css = ..\Resources\BasicBites\css\Styles_Structure.css
	EndProjectSection
EndProject
Project("{2150E333-8FDC-42A3-9474-1A3956D46DE8}") = "CppBites", "CppBites", "{BA3809E7-EE27-40DE-A4A4-4E1263355AAC}"
	ProjectSection(SolutionItems) = preProject
		..\Resources\CppBites\js\CppBiteScripts.js = ..\Resources\CppBites\js\CppBiteScripts.js
		..\Resources\CppBites\CppBites_Intro.html = ..\Resources\CppBites\CppBites_Intro.html
		..\Resources\CppBites\CppBites_STR.html = ..\Resources\CppBites\CppBites_STR.html
		..\Resources\CppBites\CppBites_Survey.html = ..\Resources\CppBites\CppBites_Survey.html
		..\Resources\CppBites\js\ScriptsPageFrame.js = ..\Resources\CppBites\js\ScriptsPageFrame.js
		..\js\ScriptsPageFrameCppBites.js = ..\js\ScriptsPageFrameCppBites.js
		..\Resources\CppBites\js\ScriptsPageFrameKeyboard.js = ..\Resources\CppBites\js\ScriptsPageFrameKeyboard.js
		..\Resources\CppBites\js\ScriptsPageFramePagesCppTrack.js = ..\Resources\CppBites\js\ScriptsPageFramePagesCppTrack.js
		..\Resources\CppBites\css\StylesPageFrameMenus.css = ..\Resources\CppBites\css\StylesPageFrameMenus.css
		..\Resources\CppBites\css\StylesPageFrameThemeBlue.css = ..\Resources\CppBites\css\StylesPageFrameThemeBlue.css
		..\Resources\CppBites\css\Styles_Cpp.css = ..\Resources\CppBites\css\Styles_Cpp.css
	EndProjectSection
EndProject
Project("{2150E333-8FDC-42A3-9474-1A3956D46DE8}") = "aaNotes", "aaNotes", "{EA7AFA9D-8009-4E06-A02A-1D6CFFEB45C0}"
	ProjectSection(SolutionItems) = preProject
		Notes.txt = Notes.txt
	EndProjectSection
EndProject
Project("{2150E333-8FDC-42A3-9474-1A3956D46DE8}") = "FlexMenus", "FlexMenus", "{FCFF9483-2BA9-441E-BEBC-3CABEB78E67F}"
	ProjectSection(SolutionItems) = preProject
		..\js\ScriptsFlexMenus.js = ..\js\ScriptsFlexMenus.js
		..\js\ScriptsFlexMenusKeyboard.js = ..\js\ScriptsFlexMenusKeyboard.js
		..\js\ScriptsFlexMenusPages.js = ..\js\ScriptsFlexMenusPages.js
		..\css\StylesFlexMenus.css = ..\css\StylesFlexMenus.css
		..\TestFlexMenu.html = ..\TestFlexMenu.html
		..\TestSiblingFlexMenu.html = ..\TestSiblingFlexMenu.html
	EndProjectSection
EndProject
Project("{2150E333-8FDC-42A3-9474-1A3956D46DE8}") = "PageFrame", "PageFrame", "{E699E1E4-630E-48C7-A0DA-7785D690F2B9}"
	ProjectSection(SolutionItems) = preProject
		..\PageFrame1.html = ..\PageFrame1.html
		..\PageFrame2.html = ..\PageFrame2.html
		..\PageFrame3.html = ..\PageFrame3.html
		..\PageFrame4.html = ..\PageFrame4.html
		..\PageFramePrototype.html = ..\PageFramePrototype.html
		..\PageFrameTest.html = ..\PageFrameTest.html
		..\js\ScriptsPageFrame.js = ..\js\ScriptsPageFrame.js
		..\js\ScriptsPageFrameDefaults.js = ..\js\ScriptsPageFrameDefaults.js
		..\js\ScriptsPageFrameKeyboard.js = ..\js\ScriptsPageFrameKeyboard.js
		..\js\ScriptsPageFramePages.js = ..\js\ScriptsPageFramePages.js
		..\js\ScriptsPageFramePages2.js = ..\js\ScriptsPageFramePages2.js
		..\js\ScriptsPageFramePagesPrototype.js = ..\js\ScriptsPageFramePagesPrototype.js
		..\SiteMapTest.html = ..\SiteMapTest.html
		..\css\StylesPageFrameDefaults.css = ..\css\StylesPageFrameDefaults.css
		..\css\StylesPageFrameMenus.css = ..\css\StylesPageFrameMenus.css
		..\css\StylesPageFrameStructure.css = ..\css\StylesPageFrameStructure.css
		..\css\StylesPageFrameThemeBlue.css = ..\css\StylesPageFrameThemeBlue.css
		..\css\StylesPageFrameThemeBrown.css = ..\css\StylesPageFrameThemeBrown.css
		..\css\StylesPageFrameThemeCsharp.css = ..\css\StylesPageFrameThemeCsharp.css
		..\css\StylesPageFrameThemeDefault.css = ..\css\StylesPageFrameThemeDefault.css
		..\css\StylesPageFrameThemeGreen.css = ..\css\StylesPageFrameThemeGreen.css
		..\css\StylesPageFrameThemeRust.css = ..\css\StylesPageFrameThemeRust.css
	EndProjectSection
EndProject
Project("{2150E333-8FDC-42A3-9474-1A3956D46DE8}") = "Bits", "Bits", "{788A9D4F-98DC-4857-8DF5-3BA009710FC6}"
	ProjectSection(SolutionItems) = preProject
		..\Resources\Bits\AnalysisObj.js = ..\Resources\Bits\AnalysisObj.js
		..\BitsRepo.html = ..\BitsRepo.html
		..\Resources\Bits\Bits_DataCpp.html = ..\Resources\Bits\Bits_DataCpp.html
		..\Resources\Bits\Bits_DataCppContent.html = ..\Resources\Bits\Bits_DataCppContent.html
		..\Resources\Bits\Bits_DataCSharp.html = ..\Resources\Bits\Bits_DataCSharp.html
		..\Resources\Bits\Bits_DataCSharpContent.html = ..\Resources\Bits\Bits_DataCSharpContent.html
		..\Resources\Bits\Bits_DataJs.html = ..\Resources\Bits\Bits_DataJs.html
		..\Resources\Bits\Bits_DataJsContent.html = ..\Resources\Bits\Bits_DataJsContent.html
		..\Resources\Bits\Bits_DataPython.html = ..\Resources\Bits\Bits_DataPython.html
		..\Resources\Bits\Bits_DataPythonContent.html = ..\Resources\Bits\Bits_DataPythonContent.html
		..\Resources\Bits\Bits_DataRust.html = ..\Resources\Bits\Bits_DataRust.html
		..\Resources\Bits\Bits_DataRustContent.html = ..\Resources\Bits\Bits_DataRustContent.html
		..\Resources\Bits\Bits_GenericCpp.html = ..\Resources\Bits\Bits_GenericCpp.html
		..\Resources\Bits\Bits_GenericCppContent.html = ..\Resources\Bits\Bits_GenericCppContent.html
		..\Resources\Bits\Bits_GenericCppOld.html = ..\Resources\Bits\Bits_GenericCppOld.html
		..\Resources\Bits\Bits_GenericCSharp.html = ..\Resources\Bits\Bits_GenericCSharp.html
		..\Resources\Bits\Bits_GenericPython.html = ..\Resources\Bits\Bits_GenericPython.html
		..\Resources\Bits\Bits_GenericRust.html = ..\Resources\Bits\Bits_GenericRust.html
		..\Resources\Bits\Bits_GenericRustContent.html = ..\Resources\Bits\Bits_GenericRustContent.html
		..\Resources\Bits\Bits_Hello.html = ..\Resources\Bits\Bits_Hello.html
		..\Resources\Bits\Bits_HelloCpp.html = ..\Resources\Bits\Bits_HelloCpp.html
		..\Resources\Bits\Bits_HelloCppContent.html = ..\Resources\Bits\Bits_HelloCppContent.html
		..\Resources\Bits\Bits_HelloCSharp.html = ..\Resources\Bits\Bits_HelloCSharp.html
		..\Resources\Bits\Bits_HelloCSharpContent.html = ..\Resources\Bits\Bits_HelloCSharpContent.html
		..\Resources\Bits\Bits_HelloJs.html = ..\Resources\Bits\Bits_HelloJs.html
		..\Resources\Bits\Bits_HelloJsContent.html = ..\Resources\Bits\Bits_HelloJsContent.html
		..\Resources\Bits\Bits_HelloPython.html = ..\Resources\Bits\Bits_HelloPython.html
		..\Resources\Bits\Bits_HelloPythonContent.html = ..\Resources\Bits\Bits_HelloPythonContent.html
		..\Resources\Bits\Bits_HelloRust.html = ..\Resources\Bits\Bits_HelloRust.html
		..\Resources\Bits\Bits_HelloRustContent.html = ..\Resources\Bits\Bits_HelloRustContent.html
		..\Resources\Bits\Bits_Intro.html = ..\Resources\Bits\Bits_Intro.html
		..\Resources\Bits\Bits_IterCpp.html = ..\Resources\Bits\Bits_IterCpp.html
		..\Resources\Bits\Bits_IterPython.html = ..\Resources\Bits\Bits_IterPython.html
		..\Resources\Bits\Bits_IterRust.html = ..\Resources\Bits\Bits_IterRust.html
		..\Resources\Bits\Bits_IterRustContent.html = ..\Resources\Bits\Bits_IterRustContent.html
		..\Resources\Bits\Bits_Objects.html = ..\Resources\Bits\Bits_Objects.html
		..\Resources\Bits\Bits_ObjectsCpp.html = ..\Resources\Bits\Bits_ObjectsCpp.html
		..\Resources\Bits\Bits_ObjectsCppContent.html = ..\Resources\Bits\Bits_ObjectsCppContent.html
		..\Resources\Bits\Bits_ObjectsCSharp.html = ..\Resources\Bits\Bits_ObjectsCSharp.html
		..\Resources\Bits\Bits_ObjectsCSharpContent.html = ..\Resources\Bits\Bits_ObjectsCSharpContent.html
		..\Resources\Bits\Bits_ObjectsJs.html = ..\Resources\Bits\Bits_ObjectsJs.html
		..\Resources\Bits\Bits_ObjectsJsContent.html = ..\Resources\Bits\Bits_ObjectsJsContent.html
		..\Resources\Bits\Bits_ObjectsPython.html = ..\Resources\Bits\Bits_ObjectsPython.html
		..\Resources\Bits\Bits_ObjectsPythonContent.html = ..\Resources\Bits\Bits_ObjectsPythonContent.html
		..\Resources\Bits\Bits_ObjectsRust.html = ..\Resources\Bits\Bits_ObjectsRust.html
		..\Resources\Bits\Bits_ObjectsRustContent.html = ..\Resources\Bits\Bits_ObjectsRustContent.html
		..\Resources\Bits\Bits_ObjectsRustContentTest.html = ..\Resources\Bits\Bits_ObjectsRustContentTest.html
		..\Resources\Bits\Bits_ObjectsRustTest.html = ..\Resources\Bits\Bits_ObjectsRustTest.html
		..\Resources\Bits\Bits_ObjectsTest.html = ..\Resources\Bits\Bits_ObjectsTest.html
		..\Resources\Bits\Bits_Proto.html = ..\Resources\Bits\Bits_Proto.html
		..\Resources\Bits\Bits_PrototypeContent.html = ..\Resources\Bits\Bits_PrototypeContent.html
		..\Resources\Bits\Bits_PrototypeWrapper.html = ..\Resources\Bits\Bits_PrototypeWrapper.html
		..\Resources\Bits\Bits_References.html = ..\Resources\Bits\Bits_References.html
		..\Resources\Bits\Bits_Test.html = ..\Resources\Bits\Bits_Test.html
		..\Resources\Bits\Bits_Test_LocalStorage.html = ..\Resources\Bits\Bits_Test_LocalStorage.html
		..\Resources\Bits\Bits_Tooling.html = ..\Resources\Bits\Bits_Tooling.html
		..\Resources\Bits\Code_Example.html = ..\Resources\Bits\Code_Example.html
		..\Resources\Bits\Code_Example2.html = ..\Resources\Bits\Code_Example2.html
		..\Resources\Bits\Code_Example3.html = ..\Resources\Bits\Code_Example3.html
		..\Resources\Bits\Code_Example4.html = ..\Resources\Bits\Code_Example4.html
		..\Resources\Bits\Code_Example5.html = ..\Resources\Bits\Code_Example5.html
		..\CppBits.html = ..\CppBits.html
		..\CSharpBits.html = ..\CSharpBits.html
		..\Resources\Bits\Help.html = ..\Resources\Bits\Help.html
		..\Resources\Bits\Js_Data.html = ..\Resources\Bits\Js_Data.html
		..\Resources\Bits\Js_Hello.html = ..\Resources\Bits\Js_Hello.html
		..\Resources\Bits\Js_Objects.html = ..\Resources\Bits\Js_Objects.html
		..\Resources\Bits\PointObj.js = ..\Resources\Bits\PointObj.js
		..\Resources\Bits\css\prism.css = ..\Resources\Bits\css\prism.css
		..\Resources\Bits\js\prism.js = ..\Resources\Bits\js\prism.js
		..\RustBits.html = ..\RustBits.html
		..\Resources\Bits\js\ScriptsCode_Example.js = ..\Resources\Bits\js\ScriptsCode_Example.js
		..\Resources\Bits\js\ScriptsPageFrame.js = ..\Resources\Bits\js\ScriptsPageFrame.js
		..\Resources\Bits\js\ScriptsPageFrameBitsCpp.js = ..\Resources\Bits\js\ScriptsPageFrameBitsCpp.js
		..\Resources\Bits\js\ScriptsPageFrameBitsCs.js = ..\Resources\Bits\js\ScriptsPageFrameBitsCs.js
		..\Resources\Bits\js\ScriptsPageFrameBitsJs.js = ..\Resources\Bits\js\ScriptsPageFrameBitsJs.js
		..\Resources\Bits\js\ScriptsPageFrameBitsPython.js = ..\Resources\Bits\js\ScriptsPageFrameBitsPython.js
		..\Resources\Bits\js\ScriptsPageFrameBitsRust.js = ..\Resources\Bits\js\ScriptsPageFrameBitsRust.js
		..\Resources\Bits\js\ScriptsPageFrameDefaultsTOC.js = ..\Resources\Bits\js\ScriptsPageFrameDefaultsTOC.js
		..\Resources\Bits\js\ScriptsPageFrameKeyboard.js = ..\Resources\Bits\js\ScriptsPageFrameKeyboard.js
		..\Resources\Bits\js\ScriptsPageFrameNewRadioButtons.js = ..\Resources\Bits\js\ScriptsPageFrameNewRadioButtons.js
		..\Resources\Bits\js\ScriptsPageFramePagesBits.js = ..\Resources\Bits\js\ScriptsPageFramePagesBits.js
		..\Resources\Bits\js\ScriptsPageFramePagesBitsCpp.js = ..\Resources\Bits\js\ScriptsPageFramePagesBitsCpp.js
		..\Resources\Bits\js\ScriptsPageFramePagesBitsCSharp.js = ..\Resources\Bits\js\ScriptsPageFramePagesBitsCSharp.js
		..\Resources\Bits\js\ScriptsPageFramePagesBitsJs.js = ..\Resources\Bits\js\ScriptsPageFramePagesBitsJs.js
		..\Resources\Bits\js\ScriptsPageFramePagesBitsPython.js = ..\Resources\Bits\js\ScriptsPageFramePagesBitsPython.js
		..\Resources\Bits\js\ScriptsPageFramePagesBitsRust.js = ..\Resources\Bits\js\ScriptsPageFramePagesBitsRust.js
		..\Resources\Bits\js\ScriptsPageFrameRadioButtons.js = ..\Resources\Bits\js\ScriptsPageFrameRadioButtons.js
		..\Resources\Bits\js\ScriptsPageFrameTOC.js = ..\Resources\Bits\js\ScriptsPageFrameTOC.js
		..\Resources\Bits\js\ScriptsSplitterBar.js = ..\Resources\Bits\js\ScriptsSplitterBar.js
		..\Resources\Bits\js\ScriptsWebComponents.js = ..\Resources\Bits\js\ScriptsWebComponents.js
		..\Resources\Bits\js\Scripts_Bits.js = ..\Resources\Bits\js\Scripts_Bits.js
		..\Resources\Bits\js\Scripts_BitsContent.js = ..\Resources\Bits\js\Scripts_BitsContent.js
		..\Resources\Bits\css\StylesCode_Example.css = ..\Resources\Bits\css\StylesCode_Example.css
		..\Resources\Bits\css\StylesPageFrame.css = ..\Resources\Bits\css\StylesPageFrame.css
		..\Resources\Bits\css\StylesPageFrameDefaults.css = ..\Resources\Bits\css\StylesPageFrameDefaults.css
		..\Resources\Bits\css\StylesPageFrameMenus.css = ..\Resources\Bits\css\StylesPageFrameMenus.css
		..\Resources\Bits\css\StylesPageFrameStructure.css = ..\Resources\Bits\css\StylesPageFrameStructure.css
		..\Resources\Bits\css\StylesPageFrameThemeBlue.css = ..\Resources\Bits\css\StylesPageFrameThemeBlue.css
		..\Resources\Bits\css\StylesPageFrameThemeBrown.css = ..\Resources\Bits\css\StylesPageFrameThemeBrown.css
		..\Resources\Bits\css\StylesPageFrameThemeCpp.css = ..\Resources\Bits\css\StylesPageFrameThemeCpp.css
		..\Resources\Bits\css\StylesPageFrameThemeCSharp.css = ..\Resources\Bits\css\StylesPageFrameThemeCSharp.css
		..\Resources\Bits\css\StylesPageFrameThemeDefault.css = ..\Resources\Bits\css\StylesPageFrameThemeDefault.css
		..\Resources\Bits\css\StylesPageFrameThemeGreen.css = ..\Resources\Bits\css\StylesPageFrameThemeGreen.css
		..\Resources\Bits\css\StylesPageFrameThemeJs.css = ..\Resources\Bits\css\StylesPageFrameThemeJs.css
		..\Resources\Bits\css\StylesPageFrameThemePython.css = ..\Resources\Bits\css\StylesPageFrameThemePython.css
		..\Resources\Bits\css\StylesPageFrameThemeRust.css = ..\Resources\Bits\css\StylesPageFrameThemeRust.css
		..\Resources\Bits\css\StylesSplitterBar.css = ..\Resources\Bits\css\StylesSplitterBar.css
		..\Resources\Bits\css\StylesWebComponents.css = ..\Resources\Bits\css\StylesWebComponents.css
		..\Resources\Bits\css\Styles_Bits.css = ..\Resources\Bits\css\Styles_Bits.css
		..\Resources\Bits\css\Styles_BitsContent.css = ..\Resources\Bits\css\Styles_BitsContent.css
		..\Resources\Bits\TTOC.html = ..\Resources\Bits\TTOC.html
		..\Resources\Bits\Videos.html = ..\Resources\Bits\Videos.html
	EndProjectSection
EndProject
Project("{2150E333-8FDC-42A3-9474-1A3956D46DE8}") = "DemploymentBites", "DemploymentBites", "{BCC75FB4-BA0A-4B8D-97B4-A36C2DA49461}"
	ProjectSection(SolutionItems) = preProject
		..\Resources\DeploymentBites\DeployBites_Git.html = ..\Resources\DeploymentBites\DeployBites_Git.html
		..\Resources\DeploymentBites\js\ScriptsPageFrame.js = ..\Resources\DeploymentBites\js\ScriptsPageFrame.js
		..\Resources\DeploymentBites\js\ScriptsPageFramePagesDeployTrack.js = ..\Resources\DeploymentBites\js\ScriptsPageFramePagesDeployTrack.js
		..\Resources\DeploymentBites\css\StylesPageFrameDefaults.css = ..\Resources\DeploymentBites\css\StylesPageFrameDefaults.css
		..\Resources\DeploymentBites\css\StylesPageFrameMenus.css = ..\Resources\DeploymentBites\css\StylesPageFrameMenus.css
		..\Resources\DeploymentBites\css\StylesPageFrameStructure.css = ..\Resources\DeploymentBites\css\StylesPageFrameStructure.css
		..\Resources\DeploymentBites\css\StylesPageFrameThemeBrown.css = ..\Resources\DeploymentBites\css\StylesPageFrameThemeBrown.css
		..\Resources\DeploymentBites\css\StylesPageFrameThemeDefault.css = ..\Resources\DeploymentBites\css\StylesPageFrameThemeDefault.css
	EndProjectSection
EndProject
Project("{2150E333-8FDC-42A3-9474-1A3956D46DE8}") = "Personal Computing", "Personal Computing", "{5927E7B7-607F-412C-9837-1D3F32E41361}"
	ProjectSection(SolutionItems) = preProject
		..\personalComputerSecurity.html = ..\personalComputerSecurity.html
	EndProjectSection
EndProject
Project("{2150E333-8FDC-42A3-9474-1A3956D46DE8}") = "WebDev", "WebDev", "{C30E4DF8-402D-42B7-9680-88BBB1F9C5A0}"
	ProjectSection(SolutionItems) = preProject
		..\Resources\WebDev\WebDev_JavaScript.html = ..\Resources\WebDev\WebDev_JavaScript.html
	EndProjectSection
EndProject
Project("{2150E333-8FDC-42A3-9474-1A3956D46DE8}") = "BitsRefactor", "BitsRefactor", "{A91BA1AE-A512-4CAB-BB0E-6F4B8588BFA1}"
	ProjectSection(SolutionItems) = preProject
		..\Resources\BitsRefactor\Bits_DataCpp.html = ..\Resources\BitsRefactor\Bits_DataCpp.html
		..\Resources\BitsRefactor\Bits_HelloCpp.html = ..\Resources\BitsRefactor\Bits_HelloCpp.html
		..\Resources\BitsRefactor\Bits_HelloCppContent.html = ..\Resources\BitsRefactor\Bits_HelloCppContent.html
		..\Resources\BitsRefactor\js\ScriptsPageFrame.js = ..\Resources\BitsRefactor\js\ScriptsPageFrame.js
		..\Resources\BitsRefactor\js\ScriptsPageFrameDefaults.js = ..\Resources\BitsRefactor\js\ScriptsPageFrameDefaults.js
		..\Resources\BitsRefactor\js\ScriptsPageFrameKeyboard.js = ..\Resources\BitsRefactor\js\ScriptsPageFrameKeyboard.js
		..\Resources\BitsRefactor\js\ScriptsWebComponents.js = ..\Resources\BitsRefactor\js\ScriptsWebComponents.js
		..\Resources\BitsRefactor\css\StylesBlueTheme.css = ..\Resources\BitsRefactor\css\StylesBlueTheme.css
		..\Resources\BitsRefactor\css\StylesDarkRedTheme.css = ..\Resources\BitsRefactor\css\StylesDarkRedTheme.css
		..\Resources\BitsRefactor\css\StylesDefault.css = ..\Resources\BitsRefactor\css\StylesDefault.css
		..\Resources\BitsRefactor\css\StylesGreenTheme.css = ..\Resources\BitsRefactor\css\StylesGreenTheme.css
		..\Resources\BitsRefactor\css\StylesPageFrame.css = ..\Resources\BitsRefactor\css\StylesPageFrame.css
		..\Resources\BitsRefactor\css\StylesPageFrameDefaults.css = ..\Resources\BitsRefactor\css\StylesPageFrameDefaults.css
		..\Resources\BitsRefactor\css\StylesPageFrameMenus.css = ..\Resources\BitsRefactor\css\StylesPageFrameMenus.css
		..\Resources\BitsRefactor\css\StylesPageFrameStructure.css = ..\Resources\BitsRefactor\css\StylesPageFrameStructure.css
		..\Resources\BitsRefactor\css\StylesPageFrameThemeBlue.css = ..\Resources\BitsRefactor\css\StylesPageFrameThemeBlue.css
		..\Resources\BitsRefactor\css\StylesPageFrameThemeBrown.css = ..\Resources\BitsRefactor\css\StylesPageFrameThemeBrown.css
		..\Resources\BitsRefactor\css\StylesPageFrameThemeCsharp.css = ..\Resources\BitsRefactor\css\StylesPageFrameThemeCsharp.css
		..\Resources\BitsRefactor\css\StylesPageFrameThemeDefault.css = ..\Resources\BitsRefactor\css\StylesPageFrameThemeDefault.css
		..\Resources\BitsRefactor\css\StylesPageFrameThemeGreen.css = ..\Resources\BitsRefactor\css\StylesPageFrameThemeGreen.css
		..\Resources\BitsRefactor\css\StylesPageFrameThemeRust.css = ..\Resources\BitsRefactor\css\StylesPageFrameThemeRust.css
		..\Resources\BitsRefactor\css\StylesWebComponents.css = ..\Resources\BitsRefactor\css\StylesWebComponents.css
	EndProjectSection
EndProject
Project("{2150E333-8FDC-42A3-9474-1A3956D46DE8}") = "Life", "Life", "{13E4542C-2756-41FD-B0EC-7318E6E02251}"
	ProjectSection(SolutionItems) = preProject
		..\Life.html = ..\Life.html
	EndProjectSection
EndProject
Project("{2150E333-8FDC-42A3-9474-1A3956D46DE8}") = "Prototypes", "Prototypes", "{FFC986DB-0733-4D8C-852C-CA45060D7005}"
	ProjectSection(SolutionItems) = preProject
		..\Resources\Bits\Bits_Proto.html = ..\Resources\Bits\Bits_Proto.html
		..\Resources\Bits\Bits_PrototypeContent.html = ..\Resources\Bits\Bits_PrototypeContent.html
		..\Resources\Bits\Bits_PrototypeWrapper.html = ..\Resources\Bits\Bits_PrototypeWrapper.html
		..\Draggable.html = ..\Draggable.html
		..\FreePagePrototype.html = ..\FreePagePrototype.html
		..\HideablePhotoSizerWebComponent.html = ..\HideablePhotoSizerWebComponent.html
		..\ImageSizer.html = ..\ImageSizer.html
		..\PageFrame1.html = ..\PageFrame1.html
		..\PageFrame2.html = ..\PageFrame2.html
		..\PageFrame3.html = ..\PageFrame3.html
		..\PageFrame4.html = ..\PageFrame4.html
		..\PageFramePrototype.html = ..\PageFramePrototype.html
		..\PhotoSizerWebComponent.html = ..\PhotoSizerWebComponent.html
		..\js\ScriptsPageFrameFreePages.js = ..\js\ScriptsPageFrameFreePages.js
		..\js\ScriptsPageFramePagesPrototype.js = ..\js\ScriptsPageFramePagesPrototype.js
		..\js\ScriptsPageFrameThreadPrototype.js = ..\js\ScriptsPageFrameThreadPrototype.js
		..\js\ScriptsSlideInPanel.js = ..\js\ScriptsSlideInPanel.js
		..\js\ScriptsSlideShow.js = ..\js\ScriptsSlideShow.js
		..\js\ScriptsSplitterBar.js = ..\js\ScriptsSplitterBar.js
		..\SlideInPanel.html = ..\SlideInPanel.html
		..\SlideShow.html = ..\SlideShow.html
		..\SplitterBar.html = ..\SplitterBar.html
		..\Test_Draggable.html = ..\Test_Draggable.html
		..\Test_HideablePhotoSizerWebComponent-Ver2.html = ..\Test_HideablePhotoSizerWebComponent-Ver2.html
		..\Test_ImageSizer.html = ..\Test_ImageSizer.html
		..\Test_PhotoSizerWebComponent.html = ..\Test_PhotoSizerWebComponent.html
		..\Test_SlideInPanel.html = ..\Test_SlideInPanel.html
		..\Test_SlideShow.html = ..\Test_SlideShow.html
		..\Test_SplitterBar.html = ..\Test_SplitterBar.html
		..\ThreadPagePrototype.html = ..\ThreadPagePrototype.html
	EndProjectSection
EndProject
Global
	GlobalSection(SolutionProperties) = preSolution
		HideSolutionNode = FALSE
	EndGlobalSection
	GlobalSection(NestedProjects) = preSolution
		{4DA27524-5204-4E02-B41B-46AF4D737CFC} = {609F898F-FCBF-4D67-B3DB-D1ACBCDC1DB8}
		{2E0B6AD4-FFC7-4DF3-BF20-2D09B5A68CA7} = {609F898F-FCBF-4D67-B3DB-D1ACBCDC1DB8}
		{9ED4B54A-01F6-4165-8658-B1C2384837C1} = {609F898F-FCBF-4D67-B3DB-D1ACBCDC1DB8}
		{0A307F0B-7311-46E1-9745-E1CC1D11E395} = {609F898F-FCBF-4D67-B3DB-D1ACBCDC1DB8}
		{31D73847-0FD1-40DA-BDB9-C6EE3B4FD1D6} = {609F898F-FCBF-4D67-B3DB-D1ACBCDC1DB8}
		{E1D6438E-AEEB-4405-83FE-A686CF27B61F} = {609F898F-FCBF-4D67-B3DB-D1ACBCDC1DB8}
		{F5BEF078-6F95-4336-B011-CD312B3331B5} = {609F898F-FCBF-4D67-B3DB-D1ACBCDC1DB8}
		{E4B39678-A74C-475B-AAE6-AF93C3D13087} = {609F898F-FCBF-4D67-B3DB-D1ACBCDC1DB8}
		{67955A3A-3794-4B85-8388-27F857729207} = {609F898F-FCBF-4D67-B3DB-D1ACBCDC1DB8}
		{5EFB0151-769F-47E6-849D-8C90B297726F} = {609F898F-FCBF-4D67-B3DB-D1ACBCDC1DB8}
		{AC9B5DC6-F256-4F44-A0F0-49A9BD3260F4} = {609F898F-FCBF-4D67-B3DB-D1ACBCDC1DB8}
		{CF60BE10-1A75-4577-8C78-7DEEAFE6CF83} = {609F898F-FCBF-4D67-B3DB-D1ACBCDC1DB8}
		{CEE875F8-80B2-41CD-8437-FDC62B7CD653} = {609F898F-FCBF-4D67-B3DB-D1ACBCDC1DB8}
		{00DB46CA-3792-433E-AE8D-C0C6D8089A1D} = {609F898F-FCBF-4D67-B3DB-D1ACBCDC1DB8}
		{348F6D0B-B48A-4371-983F-5DE54E4729CB} = {609F898F-FCBF-4D67-B3DB-D1ACBCDC1DB8}
		{22C058D7-08FE-48D3-870E-1EDC51B10B65} = {609F898F-FCBF-4D67-B3DB-D1ACBCDC1DB8}
		{78E0831D-0B9B-4C40-B48A-E4CD129B1E24} = {609F898F-FCBF-4D67-B3DB-D1ACBCDC1DB8}
		{EFDD8277-95B8-421F-A0CA-44CD2680C073} = {609F898F-FCBF-4D67-B3DB-D1ACBCDC1DB8}
		{1E30E002-649A-4070-908A-1C3A4FC4B154} = {609F898F-FCBF-4D67-B3DB-D1ACBCDC1DB8}
		{7706B4D8-9F23-4283-979A-DD73977ED525} = {609F898F-FCBF-4D67-B3DB-D1ACBCDC1DB8}
		{E1F0EAE5-2EF9-40B2-917B-2862D21D0E95} = {609F898F-FCBF-4D67-B3DB-D1ACBCDC1DB8}
		{DC8ED8AF-F822-4887-B13E-0CEE74F42FD6} = {609F898F-FCBF-4D67-B3DB-D1ACBCDC1DB8}
		{BD67262E-B146-49DF-939F-E0A0E54BA8B2} = {609F898F-FCBF-4D67-B3DB-D1ACBCDC1DB8}
		{BA3809E7-EE27-40DE-A4A4-4E1263355AAC} = {609F898F-FCBF-4D67-B3DB-D1ACBCDC1DB8}
		{EA7AFA9D-8009-4E06-A02A-1D6CFFEB45C0} = {609F898F-FCBF-4D67-B3DB-D1ACBCDC1DB8}
		{FCFF9483-2BA9-441E-BEBC-3CABEB78E67F} = {609F898F-FCBF-4D67-B3DB-D1ACBCDC1DB8}
		{E699E1E4-630E-48C7-A0DA-7785D690F2B9} = {609F898F-FCBF-4D67-B3DB-D1ACBCDC1DB8}
		{788A9D4F-98DC-4857-8DF5-3BA009710FC6} = {609F898F-FCBF-4D67-B3DB-D1ACBCDC1DB8}
		{BCC75FB4-BA0A-4B8D-97B4-A36C2DA49461} = {609F898F-FCBF-4D67-B3DB-D1ACBCDC1DB8}
		{5927E7B7-607F-412C-9837-1D3F32E41361} = {609F898F-FCBF-4D67-B3DB-D1ACBCDC1DB8}
		{A91BA1AE-A512-4CAB-BB0E-6F4B8588BFA1} = {609F898F-FCBF-4D67-B3DB-D1ACBCDC1DB8}
		{13E4542C-2756-41FD-B0EC-7318E6E02251} = {609F898F-FCBF-4D67-B3DB-D1ACBCDC1DB8}
		{FFC986DB-0733-4D8C-852C-CA45060D7005} = {609F898F-FCBF-4D67-B3DB-D1ACBCDC1DB8}
	EndGlobalSection
	GlobalSection(ExtensibilityGlobals) = postSolution
		SolutionGuid = {C5A104CF-2EB1-4A93-BBF3-A8748FD16273}
	EndGlobalSection
EndGlobal
