
Microsoft Visual Studio Solution File, Format Version 12.00
# Visual Studio Version 16
VisualStudioVersion = 16.0.28922.388
MinimumVisualStudioVersion = 10.0.40219.1
Project("{2150E333-8FDC-42A3-9474-1A3956D46DE8}") = "Solution Items", "Solution Items", "{609F898F-FCBF-4D67-B3DB-D1ACBCDC1DB8}"
	ProjectSection(SolutionItems) = preProject
		..\index.html = ..\index.html
		..\Repositories.html = ..\Repositories.html
		..\js\ScriptsKeyboard.js = ..\js\ScriptsKeyboard.js
		..\js\ScriptsMenu.js = ..\js\ScriptsMenu.js
		..\js\ScriptsTemplate.js = ..\js\ScriptsTemplate.js
		..\css\StylesMenu.css = ..\css\StylesMenu.css
		..\css\StylesTemplate.css = ..\css\StylesTemplate.css
	EndProjectSection
EndProject
Global
	GlobalSection(SolutionProperties) = preSolution
		HideSolutionNode = FALSE
	EndGlobalSection
	GlobalSection(ExtensibilityGlobals) = postSolution
		SolutionGuid = {C5A104CF-2EB1-4A93-BBF3-A8748FD16273}
	EndGlobalSection
EndGlobal
