<?xml version="1.0" encoding="utf-8"?>
<Project ToolsVersion="4.0" xmlns="http://schemas.microsoft.com/developer/msbuild/2003">
  <ItemGroup>
    <Filter Include="Source Files">
      <UniqueIdentifier>{4FC737F1-C7A5-4376-A066-2A32D752A2FF}</UniqueIdentifier>
      <Extensions>cpp;c;cc;cxx;def;odl;idl;hpj;bat;asm;asmx</Extensions>
    </Filter>
  </ItemGroup>
  <ItemGroup>
    <None Include="..\..\Blog.html">
      <Filter>Source Files</Filter>
    </None>
    <None Include="..\..\BlogActiveObjects.html">
      <Filter>Source Files</Filter>
    </None>
    <None Include="..\..\BlogCodeAnalyzer.html">
      <Filter>Source Files</Filter>
    </None>
    <None Include="..\..\BlogDesign.html">
      <Filter>Source Files</Filter>
    </None>
    <None Include="..\..\BlogFileSystem.html">
      <Filter>Source Files</Filter>
    </None>
    <None Include="..\..\BlogGlobals.html">
      <Filter>Source Files</Filter>
    </None>
    <None Include="..\..\BlogGraph.html">
      <Filter>Source Files</Filter>
    </None>
    <None Include="..\..\BlogInterfaces.html">
      <Filter>Source Files</Filter>
    </None>
    <None Include="..\..\BlogList.html">
      <Filter>Source Files</Filter>
    </None>
    <None Include="..\..\BlogMessagePassingComm.html">
      <Filter>Source Files</Filter>
    </None>
    <None Include="..\..\BlogMTree.html">
      <Filter>Source Files</Filter>
    </None>
    <None Include="..\..\BlogNoSql.html">
      <Filter>Source Files</Filter>
    </None>
    <None Include="..\..\BlogObjectModels.html">
      <Filter>Source Files</Filter>
    </None>
    <None Include="..\..\BlogOCD.html">
      <Filter>Source Files</Filter>
    </None>
    <None Include="..\..\BlogOOD.html">
      <Filter>Source Files</Filter>
    </None>
    <None Include="..\..\BlogParser.html">
      <Filter>Source Files</Filter>
    </None>
    <None Include="..\..\BlogPrinciples.html">
      <Filter>Source Files</Filter>
    </None>
    <None Include="..\..\Blogs.html">
      <Filter>Source Files</Filter>
    </None>
    <None Include="..\..\BlogStructure.html">
      <Filter>Source Files</Filter>
    </None>
    <None Include="..\..\BlogTesting.html">
      <Filter>Source Files</Filter>
    </None>
  </ItemGroup>
</Project>